{
  "version": 4,
  "terraform_version": "1.6.6",
  "serial": 157,
  "lineage": "43f0e0e8-3794-51fa-ec5a-bd27b005c976",
  "outputs": {},
  "resources": [
    {
      "mode": "data",
      "type": "aws_secretsmanager_secret",
      "name": "ugc_secret_dev",
      "provider": "provider[\"registry.terraform.io/hashicorp/aws\"]",
      "instances": [
        {
          "schema_version": 0,
          "attributes": {
            "arn": "arn:aws:secretsmanager:us-east-1:115228050885:secret:ugc_secret_dev-UnEAmj",
            "description": "",
            "id": "arn:aws:secretsmanager:us-east-1:115228050885:secret:ugc_secret_dev-UnEAmj",
            "kms_key_id": "",
            "name": "ugc_secret_dev",
            "policy": "",
            "tags": {}
          },
          "sensitive_attributes": []
        }
      ]
    },
    {
      "mode": "data",
      "type": "aws_secretsmanager_secret_version",
      "name": "ugc_secret_version",
      "provider": "provider[\"registry.terraform.io/hashicorp/aws\"]",
      "instances": [
        {
          "schema_version": 0,
          "attributes": {
            "arn": "arn:aws:secretsmanager:us-east-1:115228050885:secret:ugc_secret_dev-UnEAmj",
            "id": "arn:aws:secretsmanager:us-east-1:115228050885:secret:ugc_secret_dev-UnEAmj|AWSCURRENT",
            "secret_binary": "",
            "secret_id": "arn:aws:secretsmanager:us-east-1:115228050885:secret:ugc_secret_dev-UnEAmj",
            "secret_string": "{\"key\":\"AKIARQZT7GZLRSQRCIWU\",\"secret\":\"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\",\"username\":\"root\",\"password\":\"khair00t1001\",\"OAuthToken\":\"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\"}",
            "version_id": "2a4d3c95-1f2a-44e1-bd8f-4ba5ff18673c",
            "version_stage": "AWSCURRENT",
            "version_stages": [
              "AWSCURRENT"
            ]
          },
          "sensitive_attributes": []
        }
      ]
    },
    {
      "module": "module.ecr",
      "mode": "managed",
      "type": "aws_ecr_repository",
      "name": "ecr",
      "provider": "provider[\"registry.terraform.io/hashicorp/aws\"]",
      "instances": [
        {
          "schema_version": 0,
          "attributes": {
            "arn": "arn:aws:ecr:us-east-1:115228050885:repository/dev-geotechnologies-ugc-app-ecrtest",
            "encryption_configuration": [
              {
                "encryption_type": "AES256",
                "kms_key": ""
              }
            ],
            "force_delete": null,
            "id": "dev-geotechnologies-ugc-app-ecrtest",
            "image_scanning_configuration": [
              {
                "scan_on_push": false
              }
            ],
            "image_tag_mutability": "MUTABLE",
            "name": "dev-geotechnologies-ugc-app-ecrtest",
            "registry_id": "115228050885",
            "repository_url": "115228050885.dkr.ecr.us-east-1.amazonaws.com/dev-geotechnologies-ugc-app-ecrtest",
            "tags": null,
            "tags_all": {},
            "timeouts": null
          },
          "sensitive_attributes": [],
          "private": "eyJlMmJmYjczMC1lY2FhLTExZTYtOGY4OC0zNDM2M2JjN2M0YzAiOnsiZGVsZXRlIjoxMjAwMDAwMDAwMDAwfX0="
        }
      ]
    },
    {
      "module": "module.ecs_base",
      "mode": "managed",
      "type": "aws_ecs_cluster",
      "name": "ecs_cluster",
      "provider": "provider[\"registry.terraform.io/hashicorp/aws\"]",
      "instances": [
        {
          "schema_version": 0,
          "attributes": {
            "arn": "arn:aws:ecs:us-east-1:115228050885:cluster/dev-geotechnologies-ugc-app",
            "configuration": [],
            "id": "arn:aws:ecs:us-east-1:115228050885:cluster/dev-geotechnologies-ugc-app",
            "name": "dev-geotechnologies-ugc-app",
            "service_connect_defaults": [],
            "setting": [
              {
                "name": "containerInsights",
                "value": "disabled"
              }
            ],
            "tags": {},
            "tags_all": {}
          },
          "sensitive_attributes": [],
          "private": "bnVsbA=="
        }
      ]
    },
    {
      "module": "module.ecs_base",
      "mode": "managed",
      "type": "aws_iam_role",
      "name": "role_auto_scaling",
      "provider": "provider[\"registry.terraform.io/hashicorp/aws\"]",
      "instances": [
        {
          "schema_version": 0,
          "attributes": {
            "arn": "arn:aws:iam::115228050885:role/dev-geotechnologies-ugc-app-as",
            "assume_role_policy": "{\"Statement\":[{\"Action\":\"sts:AssumeRole\",\"Effect\":\"Allow\",\"Principal\":{\"Service\":\"ecs-tasks.amazonaws.com\"},\"Sid\":\"\"}],\"Version\":\"2012-10-17\"}",
            "create_date": "2024-01-04T01:31:01Z",
            "description": "",
            "force_detach_policies": false,
            "id": "dev-geotechnologies-ugc-app-as",
            "inline_policy": [],
            "managed_policy_arns": [
              "arn:aws:iam::aws:policy/service-role/AmazonEC2ContainerServiceAutoscaleRole"
            ],
            "max_session_duration": 3600,
            "name": "dev-geotechnologies-ugc-app-as",
            "name_prefix": "",
            "path": "/",
            "permissions_boundary": "",
            "tags": {},
            "tags_all": {},
            "unique_id": "AROARVVBAQXCWXPF5A25V"
          },
          "sensitive_attributes": [],
          "private": "bnVsbA=="
        }
      ]
    },
    {
      "module": "module.ecs_base",
      "mode": "managed",
      "type": "aws_iam_role",
      "name": "role_ecs_service",
      "provider": "provider[\"registry.terraform.io/hashicorp/aws\"]",
      "instances": [
        {
          "schema_version": 0,
          "attributes": {
            "arn": "arn:aws:iam::115228050885:role/dev-geotechnologies-ugc-app-ecs-service",
            "assume_role_policy": "{\"Statement\":[{\"Action\":\"sts:AssumeRole\",\"Effect\":\"Allow\",\"Principal\":{\"Service\":\"ecs-tasks.amazonaws.com\"},\"Sid\":\"\"}],\"Version\":\"2012-10-17\"}",
            "create_date": "2024-01-04T01:31:01Z",
            "description": "",
            "force_detach_policies": false,
            "id": "dev-geotechnologies-ugc-app-ecs-service",
            "inline_policy": [],
            "managed_policy_arns": [],
            "max_session_duration": 3600,
            "name": "dev-geotechnologies-ugc-app-ecs-service",
            "name_prefix": "",
            "path": "/",
            "permissions_boundary": "",
            "tags": {},
            "tags_all": {},
            "unique_id": "AROARVVBAQXCQIXTKJTGV"
          },
          "sensitive_attributes": [],
          "private": "bnVsbA=="
        }
      ]
    },
    {
      "module": "module.ecs_base",
      "mode": "managed",
      "type": "aws_iam_role",
      "name": "role_execution",
      "provider": "provider[\"registry.terraform.io/hashicorp/aws\"]",
      "instances": [
        {
          "schema_version": 0,
          "attributes": {
            "arn": "arn:aws:iam::115228050885:role/dev-geotechnologies-ugc-app-execution",
            "assume_role_policy": "{\"Statement\":[{\"Action\":\"sts:AssumeRole\",\"Effect\":\"Allow\",\"Principal\":{\"Service\":\"ecs-tasks.amazonaws.com\"},\"Sid\":\"\"}],\"Version\":\"2012-10-17\"}",
            "create_date": "2024-01-04T01:31:01Z",
            "description": "",
            "force_detach_policies": false,
            "id": "dev-geotechnologies-ugc-app-execution",
            "inline_policy": [
              {
                "name": "dev-geotechnologies-ugc-app-execution",
                "policy": "{\"Version\":\"2012-10-17\",\"Statement\":[{\"Action\":[\"ecr:BatchCheckLayerAvailability\",\"ecr:BatchGetIamge\",\"ecr:GetAuthorizationToken\",\"ecr:GetDownloadUrlForLayer\"],\"Effect\":\"Allow\",\"Resource\":\"*\"}]}"
              }
            ],
            "managed_policy_arns": [
              "arn:aws:iam::aws:policy/service-role/AmazonECSTaskExecutionRolePolicy"
            ],
            "max_session_duration": 3600,
            "name": "dev-geotechnologies-ugc-app-execution",
            "name_prefix": "",
            "path": "/",
            "permissions_boundary": "",
            "tags": {},
            "tags_all": {},
            "unique_id": "AROARVVBAQXCR4OAL4HIJ"
          },
          "sensitive_attributes": [],
          "private": "bnVsbA=="
        }
      ]
    },
    {
      "module": "module.ecs_base",
      "mode": "managed",
      "type": "aws_iam_role_policy",
      "name": "policy_execution",
      "provider": "provider[\"registry.terraform.io/hashicorp/aws\"]",
      "instances": [
        {
          "schema_version": 0,
          "attributes": {
            "id": "dev-geotechnologies-ugc-app-execution:dev-geotechnologies-ugc-app-execution",
            "name": "dev-geotechnologies-ugc-app-execution",
            "name_prefix": "",
            "policy": "{\"Version\":\"2012-10-17\",\"Statement\":[{\"Action\":[\"ecr:BatchCheckLayerAvailability\",\"ecr:BatchGetIamge\",\"ecr:GetAuthorizationToken\",\"ecr:GetDownloadUrlForLayer\"],\"Effect\":\"Allow\",\"Resource\":\"*\"}]}",
            "role": "dev-geotechnologies-ugc-app-execution"
          },
          "sensitive_attributes": [],
          "private": "bnVsbA==",
          "dependencies": [
            "module.ecs_base.aws_iam_role.role_execution"
          ]
        }
      ]
    },
    {
      "module": "module.ecs_base",
      "mode": "managed",
      "type": "aws_security_group",
      "name": "sg_ecs_task",
      "provider": "provider[\"registry.terraform.io/hashicorp/aws\"]",
      "instances": [
        {
          "schema_version": 1,
          "attributes": {
            "arn": "arn:aws:ec2:us-east-1:115228050885:security-group/sg-0d3ab9eb93361e9e3",
            "description": "SG default for ECS Tasks",
            "egress": [
              {
                "cidr_blocks": [
                  "0.0.0.0/0"
                ],
                "description": "",
                "from_port": 0,
                "ipv6_cidr_blocks": [],
                "prefix_list_ids": [],
                "protocol": "-1",
                "security_groups": [],
                "self": false,
                "to_port": 0
              }
            ],
            "id": "sg-0d3ab9eb93361e9e3",
            "ingress": [],
            "name": "dev-geotechnologies-ugc-app-ecs-task",
            "name_prefix": "",
            "owner_id": "115228050885",
            "revoke_rules_on_delete": false,
            "tags": {},
            "tags_all": {},
            "timeouts": null,
            "vpc_id": "vpc-0ef21bef9a7c0db35"
          },
          "sensitive_attributes": [],
          "private": "eyJlMmJmYjczMC1lY2FhLTExZTYtOGY4OC0zNDM2M2JjN2M0YzAiOnsiY3JlYXRlIjo2MDAwMDAwMDAwMDAsImRlbGV0ZSI6OTAwMDAwMDAwMDAwfSwic2NoZW1hX3ZlcnNpb24iOiIxIn0=",
          "dependencies": [
            "module.vpc.aws_vpc.vpc"
          ]
        }
      ]
    },
    {
      "module": "module.pipelinebase",
      "mode": "data",
      "type": "archive_file",
      "name": "zipit",
      "provider": "provider[\"registry.terraform.io/hashicorp/archive\"]",
      "instances": [
        {
          "schema_version": 0,
          "attributes": {
            "exclude_symlink_directories": null,
            "excludes": null,
            "id": "0026a78d005e797ae10ebd5ca685a11b4a6d343e",
            "output_base64sha256": "UQC4sY6ZPTcNUwlhO6Kf/FWZ4COZTdVeh3QY6624JFg=",
            "output_base64sha512": "1yoW6JRucR1rnGcy6FR1K5cVBidsbQS1bgD4FencLyz9zm6CUORxGPFZHnjRGeX3+HcMJJmu0D4z8lkw9JhV9g==",
            "output_file_mode": null,
            "output_md5": "698acb5bc79aa5ba9a419dd6ec583608",
            "output_path": "dev-geotechnologies-ugc-app-lambda-ytncg.zip",
            "output_sha": "0026a78d005e797ae10ebd5ca685a11b4a6d343e",
            "output_sha256": "5100b8b18e993d370d5309613ba29ffc5599e023994dd55e877418ebadb82458",
            "output_sha512": "d72a16e8946e711d6b9c6732e854752b971506276c6d04b56e00f815e9dc2f2cfdce6e8250e47118f1591e78d119e5f7f8770c2499aed03e33f25930f49855f6",
            "output_size": 938,
            "source": [],
            "source_content": null,
            "source_content_filename": null,
            "source_dir": null,
            "source_file": "../modules/pipelinebase/lambda.py",
            "type": "zip"
          },
          "sensitive_attributes": []
        }
      ]
    },
    {
      "module": "module.pipelinebase",
      "mode": "managed",
      "type": "aws_iam_role",
      "name": "codebuild_role",
      "provider": "provider[\"registry.terraform.io/hashicorp/aws\"]",
      "instances": [
        {
          "schema_version": 0,
          "attributes": {
            "arn": "arn:aws:iam::115228050885:role/dev-geotechnologies-ugc-app-codebuild-role",
            "assume_role_policy": "{\"Statement\":[{\"Action\":\"sts:AssumeRole\",\"Effect\":\"Allow\",\"Principal\":{\"Service\":\"codebuild.amazonaws.com\"}}],\"Version\":\"2012-10-17\"}",
            "create_date": "2024-01-05T02:40:11Z",
            "description": "",
            "force_detach_policies": false,
            "id": "dev-geotechnologies-ugc-app-codebuild-role",
            "inline_policy": [],
            "managed_policy_arns": [],
            "max_session_duration": 3600,
            "name": "dev-geotechnologies-ugc-app-codebuild-role",
            "name_prefix": "",
            "path": "/",
            "permissions_boundary": "",
            "tags": null,
            "tags_all": {},
            "unique_id": "AROARVVBAQXCRK7DC65EQ"
          },
          "sensitive_attributes": [],
          "private": "bnVsbA=="
        }
      ]
    },
    {
      "module": "module.pipelinebase",
      "mode": "managed",
      "type": "aws_iam_role",
      "name": "codedeploy_role",
      "provider": "provider[\"registry.terraform.io/hashicorp/aws\"]",
      "instances": [
        {
          "schema_version": 0,
          "attributes": {
            "arn": "arn:aws:iam::115228050885:role/dev-geotechnologies-ugc-app-codedeploy-role",
            "assume_role_policy": "{\"Statement\":[{\"Action\":\"sts:AssumeRole\",\"Effect\":\"Allow\",\"Principal\":{\"Service\":\"codedeploy.amazonaws.com\"},\"Sid\":\"\"}],\"Version\":\"2012-10-17\"}",
            "create_date": "2024-01-05T02:40:11Z",
            "description": "",
            "force_detach_policies": false,
            "id": "dev-geotechnologies-ugc-app-codedeploy-role",
            "inline_policy": [],
            "managed_policy_arns": [],
            "max_session_duration": 3600,
            "name": "dev-geotechnologies-ugc-app-codedeploy-role",
            "name_prefix": "",
            "path": "/",
            "permissions_boundary": "",
            "tags": null,
            "tags_all": {},
            "unique_id": "AROARVVBAQXC75B6PWOOM"
          },
          "sensitive_attributes": [],
          "private": "bnVsbA=="
        }
      ]
    },
    {
      "module": "module.pipelinebase",
      "mode": "managed",
      "type": "aws_iam_role",
      "name": "pipeline_role",
      "provider": "provider[\"registry.terraform.io/hashicorp/aws\"]",
      "instances": [
        {
          "schema_version": 0,
          "attributes": {
            "arn": "arn:aws:iam::115228050885:role/dev-geotechnologies-ugc-app-codepipeline-role",
            "assume_role_policy": "{\"Statement\":[{\"Action\":\"sts:AssumeRole\",\"Effect\":\"Allow\",\"Principal\":{\"Service\":\"codepipeline.amazonaws.com\"}}],\"Version\":\"2012-10-17\"}",
            "create_date": "2024-01-05T02:40:11Z",
            "description": "",
            "force_detach_policies": false,
            "id": "dev-geotechnologies-ugc-app-codepipeline-role",
            "inline_policy": [],
            "managed_policy_arns": [],
            "max_session_duration": 3600,
            "name": "dev-geotechnologies-ugc-app-codepipeline-role",
            "name_prefix": "",
            "path": "/",
            "permissions_boundary": "",
            "tags": null,
            "tags_all": {},
            "unique_id": "AROARVVBAQXC6QNEALKYM"
          },
          "sensitive_attributes": [],
          "private": "bnVsbA=="
        }
      ]
    },
    {
      "module": "module.pipelinebase",
      "mode": "managed",
      "type": "aws_iam_role_policy",
      "name": "codepipeline_policy",
      "provider": "provider[\"registry.terraform.io/hashicorp/aws\"]",
      "instances": [
        {
          "schema_version": 0,
          "attributes": {
            "id": "dev-geotechnologies-ugc-app-codepipeline-role:terraform-20240105024045860200000002",
            "name": "terraform-20240105024045860200000002",
            "name_prefix": "terraform-",
            "policy": "{\"Version\":\"2012-10-17\",\"Statement\":[{\"Action\":[\"s3:GetObject\",\"s3:GetObjectVersion\",\"s3:GetBucketVersioning\",\"s3:PutObjectAcl\",\"s3:PutObject\"],\"Effect\":\"Allow\",\"Resource\":[\"arn:aws:s3:::dev-geotechnologies-ugc-app-codepipeline-bucket-r0owgd8s\",\"arn:aws:s3:::dev-geotechnologies-ugc-app-codepipeline-bucket-r0owgd8s/*\"]},{\"Action\":[\"codebuild:BatchGetBuilds\",\"codebuild:StartBuild\"],\"Effect\":\"Allow\",\"Resource\":\"*\"},{\"Action\":[\"codedeploy:*\"],\"Effect\":\"Allow\",\"Resource\":\"*\"},{\"Action\":[\"*\"],\"Effect\":\"Allow\",\"Resource\":\"*\"}]}",
            "role": "dev-geotechnologies-ugc-app-codepipeline-role"
          },
          "sensitive_attributes": [],
          "private": "bnVsbA==",
          "dependencies": [
            "module.pipelinebase.aws_iam_role.pipeline_role",
            "module.pipelinebase.aws_s3_bucket.bucket_artifact",
            "module.pipelinebase.random_string.bucket-prefix"
          ]
        }
      ]
    },
    {
      "module": "module.pipelinebase",
      "mode": "managed",
      "type": "aws_iam_role_policy",
      "name": "s3_policy_cicd",
      "provider": "provider[\"registry.terraform.io/hashicorp/aws\"]",
      "instances": [
        {
          "schema_version": 0,
          "attributes": {
            "id": "dev-geotechnologies-ugc-app-codebuild-role:terraform-20240105024045860400000003",
            "name": "terraform-20240105024045860400000003",
            "name_prefix": "terraform-",
            "policy": "{\"Version\":\"2012-10-17\",\"Statement\":[{\"Action\":[\"logs:*\",\"ssm:*\"],\"Effect\":\"Allow\",\"Resource\":[\"*\"]},{\"Action\":[\"ecr:GetDownloadUrlForLayer\",\"ecr:BatchGetImage\",\"ecr:CompleteLayerUpload\",\"ecr:UploadLayerPart\",\"ecr:InitiateLayerUpload\",\"ecr:BatchCheckLayerAvailability\",\"ecr:GetAuthorizationToken\",\"ecr:PutImage\"],\"Effect\":\"Allow\",\"Resource\":[\"*\"]},{\"Action\":[\"ssm:DescribeParameters\",\"ssm:GetParameter\"],\"Effect\":\"Allow\",\"Resource\":[\"*\"]},{\"Action\":[\"s3:PutObject\",\"s3:GetObject\",\"s3:ListBucket\",\"s3:DeleteObject\"],\"Effect\":\"Allow\",\"Resource\":[\"*\"]},{\"Action\":[\"cloudfront:CreateInvalidation\",\"cloudfront:GetDistribution\",\"cloudfront:GetStreamingDistribution\",\"cloudfront:GetDistributionConfig\",\"cloudfront:GetInvalidation\",\"cloudfront:ListInvalidations\",\"cloudfront:ListStreamingDistributions\",\"cloudfront:ListDistributions\"],\"Effect\":\"Allow\",\"Resource\":[\"*\"]},{\"Action\":[\"s3:GetObject\",\"s3:PutObject\",\"s3:PutObjectTagging\",\"s3:GetObjectVersion\",\"s3:GetBucketVersioning\"],\"Effect\":\"Allow\",\"Resource\":[\"arn:aws:s3:::dev-geotechnologies-ugc-app-codepipeline-bucket-r0owgd8s\",\"arn:aws:s3:::dev-geotechnologies-ugc-app-codepipeline-bucket-r0owgd8s/*\"]}]}",
            "role": "dev-geotechnologies-ugc-app-codebuild-role"
          },
          "sensitive_attributes": [],
          "private": "bnVsbA==",
          "dependencies": [
            "module.pipelinebase.aws_iam_role.codebuild_role",
            "module.pipelinebase.aws_s3_bucket.bucket_artifact",
            "module.pipelinebase.random_string.bucket-prefix"
          ]
        }
      ]
    },
    {
      "module": "module.pipelinebase",
      "mode": "managed",
      "type": "aws_iam_role_policy_attachment",
      "name": "AWSCodeDeployRole",
      "provider": "provider[\"registry.terraform.io/hashicorp/aws\"]",
      "instances": [
        {
          "schema_version": 0,
          "attributes": {
            "id": "dev-geotechnologies-ugc-app-codedeploy-role-20240105024013231100000001",
            "policy_arn": "arn:aws:iam::aws:policy/service-role/AWSCodeDeployRole",
            "role": "dev-geotechnologies-ugc-app-codedeploy-role"
          },
          "sensitive_attributes": [],
          "private": "bnVsbA==",
          "dependencies": [
            "module.pipelinebase.aws_iam_role.codedeploy_role"
          ]
        }
      ]
    },
    {
      "module": "module.pipelinebase",
      "mode": "managed",
      "type": "aws_s3_bucket",
      "name": "bucket_artifact",
      "provider": "provider[\"registry.terraform.io/hashicorp/aws\"]",
      "instances": [
        {
          "schema_version": 0,
          "attributes": {
            "acceleration_status": "",
            "acl": null,
            "arn": "arn:aws:s3:::dev-geotechnologies-ugc-app-codepipeline-bucket-r0owgd8s",
            "bucket": "dev-geotechnologies-ugc-app-codepipeline-bucket-r0owgd8s",
            "bucket_domain_name": "dev-geotechnologies-ugc-app-codepipeline-bucket-r0owgd8s.s3.amazonaws.com",
            "bucket_prefix": "",
            "bucket_regional_domain_name": "dev-geotechnologies-ugc-app-codepipeline-bucket-r0owgd8s.s3.us-east-1.amazonaws.com",
            "cors_rule": [],
            "force_destroy": false,
            "grant": [
              {
                "id": "d476d7116ea2ec7483c4d5d714e995bf2dc82b44b4939015f06a47d0111083c7",
                "permissions": [
                  "FULL_CONTROL"
                ],
                "type": "CanonicalUser",
                "uri": ""
              }
            ],
            "hosted_zone_id": "Z3AQBSTGFYJSTF",
            "id": "dev-geotechnologies-ugc-app-codepipeline-bucket-r0owgd8s",
            "lifecycle_rule": [],
            "logging": [],
            "object_lock_configuration": [],
            "object_lock_enabled": false,
            "policy": "",
            "region": "us-east-1",
            "replication_configuration": [],
            "request_payer": "BucketOwner",
            "server_side_encryption_configuration": [
              {
                "rule": [
                  {
                    "apply_server_side_encryption_by_default": [
                      {
                        "kms_master_key_id": "",
                        "sse_algorithm": "AES256"
                      }
                    ],
                    "bucket_key_enabled": false
                  }
                ]
              }
            ],
            "tags": null,
            "tags_all": {},
            "timeouts": null,
            "versioning": [
              {
                "enabled": false,
                "mfa_delete": false
              }
            ],
            "website": [],
            "website_domain": null,
            "website_endpoint": null
          },
          "sensitive_attributes": [],
          "private": "eyJlMmJmYjczMC1lY2FhLTExZTYtOGY4OC0zNDM2M2JjN2M0YzAiOnsiY3JlYXRlIjoxMjAwMDAwMDAwMDAwLCJkZWxldGUiOjM2MDAwMDAwMDAwMDAsInJlYWQiOjEyMDAwMDAwMDAwMDAsInVwZGF0ZSI6MTIwMDAwMDAwMDAwMH19",
          "dependencies": [
            "module.pipelinebase.random_string.bucket-prefix"
          ]
        }
      ]
    },
    {
      "module": "module.pipelinebase",
      "mode": "managed",
      "type": "aws_s3_bucket_versioning",
      "name": "bucket_artifact",
      "provider": "provider[\"registry.terraform.io/hashicorp/aws\"]",
      "instances": [
        {
          "schema_version": 0,
          "attributes": {
            "bucket": "dev-geotechnologies-ugc-app-codepipeline-bucket-r0owgd8s",
            "expected_bucket_owner": "",
            "id": "dev-geotechnologies-ugc-app-codepipeline-bucket-r0owgd8s",
            "mfa": null,
            "versioning_configuration": [
              {
                "mfa_delete": "",
                "status": "Enabled"
              }
            ]
          },
          "sensitive_attributes": [],
          "private": "bnVsbA==",
          "dependencies": [
            "module.pipelinebase.aws_s3_bucket.bucket_artifact",
            "module.pipelinebase.random_string.bucket-prefix"
          ]
        }
      ]
    },
    {
      "module": "module.pipelinebase",
      "mode": "managed",
      "type": "random_string",
      "name": "bucket-prefix",
      "provider": "provider[\"registry.terraform.io/hashicorp/random\"]",
      "instances": [
        {
          "schema_version": 2,
          "attributes": {
            "id": "r0owgd8s",
            "keepers": null,
            "length": 8,
            "lower": true,
            "min_lower": 0,
            "min_numeric": 0,
            "min_special": 0,
            "min_upper": 0,
            "number": true,
            "numeric": true,
            "override_special": null,
            "result": "r0owgd8s",
            "special": false,
            "upper": false
          },
          "sensitive_attributes": []
        }
      ]
    },
    {
      "module": "module.pipelinebase",
      "mode": "managed",
      "type": "random_string",
      "name": "r",
      "provider": "provider[\"registry.terraform.io/hashicorp/random\"]",
      "instances": [
        {
          "schema_version": 2,
          "attributes": {
            "id": "ytncg",
            "keepers": null,
            "length": 5,
            "lower": true,
            "min_lower": 0,
            "min_numeric": 0,
            "min_special": 0,
            "min_upper": 0,
            "number": true,
            "numeric": true,
            "override_special": null,
            "result": "ytncg",
            "special": false,
            "upper": true
          },
          "sensitive_attributes": []
        }
      ]
    },
    {
      "module": "module.pipelinebase",
      "mode": "managed",
      "type": "random_string",
      "name": "secret",
      "provider": "provider[\"registry.terraform.io/hashicorp/random\"]",
      "instances": [
        {
          "schema_version": 2,
          "attributes": {
            "id": "2GpOzw0EkaTW6VxD",
            "keepers": null,
            "length": 16,
            "lower": true,
            "min_lower": 0,
            "min_numeric": 0,
            "min_special": 0,
            "min_upper": 0,
            "number": true,
            "numeric": true,
            "override_special": null,
            "result": "2GpOzw0EkaTW6VxD",
            "special": false,
            "upper": true
          },
          "sensitive_attributes": []
        }
      ]
    },
    {
      "module": "module.redis",
      "mode": "managed",
      "type": "aws_elasticache_subnet_group",
      "name": "cache_subnet_group",
      "provider": "provider[\"registry.terraform.io/hashicorp/aws\"]",
      "instances": [
        {
          "schema_version": 0,
          "attributes": {
            "arn": "arn:aws:elasticache:us-east-1:115228050885:subnetgroup:dev-geotechnologies-ugc-app",
            "description": "Managed by Terraform",
            "id": "dev-geotechnologies-ugc-app",
            "name": "dev-geotechnologies-ugc-app",
            "subnet_ids": [
              "subnet-0c5b82cefdb302834"
            ],
            "tags": {},
            "tags_all": {}
          },
          "sensitive_attributes": [],
          "private": "bnVsbA==",
          "dependencies": [
            "module.vpc.aws_subnet.private",
            "module.vpc.aws_vpc.vpc"
          ]
        }
      ]
    },
    {
      "module": "module.redis",
      "mode": "managed",
      "type": "aws_security_group",
      "name": "sg_redis",
      "provider": "provider[\"registry.terraform.io/hashicorp/aws\"]",
      "instances": [
        {
          "schema_version": 1,
          "attributes": {
            "arn": "arn:aws:ec2:us-east-1:115228050885:security-group/sg-0ba9b7b4e9cab1997",
            "description": "Managed by Terraform",
            "egress": [
              {
                "cidr_blocks": [
                  "0.0.0.0/0"
                ],
                "description": "",
                "from_port": 0,
                "ipv6_cidr_blocks": [],
                "prefix_list_ids": [],
                "protocol": "-1",
                "security_groups": [],
                "self": false,
                "to_port": 0
              }
            ],
            "id": "sg-0ba9b7b4e9cab1997",
            "ingress": [],
            "name": "dev-geotechnologies-ugc-app-sg-redis",
            "name_prefix": "",
            "owner_id": "115228050885",
            "revoke_rules_on_delete": false,
            "tags": {},
            "tags_all": {},
            "timeouts": null,
            "vpc_id": "vpc-0ef21bef9a7c0db35"
          },
          "sensitive_attributes": [],
          "private": "eyJlMmJmYjczMC1lY2FhLTExZTYtOGY4OC0zNDM2M2JjN2M0YzAiOnsiY3JlYXRlIjo2MDAwMDAwMDAwMDAsImRlbGV0ZSI6OTAwMDAwMDAwMDAwfSwic2NoZW1hX3ZlcnNpb24iOiIxIn0=",
          "dependencies": [
            "module.vpc.aws_subnet.private",
            "module.vpc.aws_vpc.vpc"
          ]
        }
      ]
    },
    {
      "module": "module.vpc",
      "mode": "managed",
      "type": "aws_eip",
      "name": "nat",
      "provider": "provider[\"registry.terraform.io/hashicorp/aws\"]",
      "instances": [
        {
          "schema_version": 0,
          "attributes": {
            "address": null,
            "allocation_id": "eipalloc-00d62cb5f783a8836",
            "associate_with_private_ip": null,
            "association_id": "eipassoc-02b93f1e030a490b2",
            "carrier_ip": "",
            "customer_owned_ip": "",
            "customer_owned_ipv4_pool": "",
            "domain": "vpc",
            "id": "eipalloc-00d62cb5f783a8836",
            "instance": "",
            "network_border_group": "us-east-1",
            "network_interface": "eni-0598cdf7d3a421128",
            "private_dns": "ip-172-16-23-104.ec2.internal",
            "private_ip": "172.16.23.104",
            "public_dns": "ec2-54-211-83-131.compute-1.amazonaws.com",
            "public_ip": "54.211.83.131",
            "public_ipv4_pool": "amazon",
            "tags": {
              "Name": "dev-geotechnologies-ugc-app",
              "VPC": "vpc-0ef21bef9a7c0db35"
            },
            "tags_all": {
              "Name": "dev-geotechnologies-ugc-app",
              "VPC": "vpc-0ef21bef9a7c0db35"
            },
            "timeouts": null,
            "vpc": true
          },
          "sensitive_attributes": [],
          "private": "eyJlMmJmYjczMC1lY2FhLTExZTYtOGY4OC0zNDM2M2JjN2M0YzAiOnsiZGVsZXRlIjoxODAwMDAwMDAwMDAsInJlYWQiOjkwMDAwMDAwMDAwMCwidXBkYXRlIjozMDAwMDAwMDAwMDB9fQ==",
          "dependencies": [
            "module.vpc.aws_vpc.vpc"
          ]
        }
      ]
    },
    {
      "module": "module.vpc",
      "mode": "managed",
      "type": "aws_internet_gateway",
      "name": "igw",
      "provider": "provider[\"registry.terraform.io/hashicorp/aws\"]",
      "instances": [
        {
          "schema_version": 0,
          "attributes": {
            "arn": "arn:aws:ec2:us-east-1:115228050885:internet-gateway/igw-043b5e98d6469d682",
            "id": "igw-043b5e98d6469d682",
            "owner_id": "115228050885",
            "tags": {
              "Name": "dev-geotechnologies-ugc-app"
            },
            "tags_all": {
              "Name": "dev-geotechnologies-ugc-app"
            },
            "timeouts": null,
            "vpc_id": "vpc-0ef21bef9a7c0db35"
          },
          "sensitive_attributes": [],
          "private": "eyJlMmJmYjczMC1lY2FhLTExZTYtOGY4OC0zNDM2M2JjN2M0YzAiOnsiY3JlYXRlIjoxMjAwMDAwMDAwMDAwLCJkZWxldGUiOjEyMDAwMDAwMDAwMDAsInVwZGF0ZSI6MTIwMDAwMDAwMDAwMH19",
          "dependencies": [
            "module.vpc.aws_vpc.vpc"
          ]
        }
      ]
    },
    {
      "module": "module.vpc",
      "mode": "managed",
      "type": "aws_nat_gateway",
      "name": "ngw",
      "provider": "provider[\"registry.terraform.io/hashicorp/aws\"]",
      "instances": [
        {
          "schema_version": 0,
          "attributes": {
            "allocation_id": "eipalloc-00d62cb5f783a8836",
            "association_id": "eipassoc-02b93f1e030a490b2",
            "connectivity_type": "public",
            "id": "nat-0a8ecb2e0f232d774",
            "network_interface_id": "eni-0598cdf7d3a421128",
            "private_ip": "172.16.23.104",
            "public_ip": "54.211.83.131",
            "secondary_allocation_ids": [],
            "secondary_private_ip_address_count": 0,
            "secondary_private_ip_addresses": [],
            "subnet_id": "subnet-00e3efb62abed4c5f",
            "tags": {
              "Name": "dev-geotechnologies-ugc-app"
            },
            "tags_all": {
              "Name": "dev-geotechnologies-ugc-app"
            },
            "timeouts": null
          },
          "sensitive_attributes": [],
          "private": "eyJlMmJmYjczMC1lY2FhLTExZTYtOGY4OC0zNDM2M2JjN2M0YzAiOnsiY3JlYXRlIjo2MDAwMDAwMDAwMDAsImRlbGV0ZSI6MTgwMDAwMDAwMDAwMCwidXBkYXRlIjo2MDAwMDAwMDAwMDB9fQ==",
          "dependencies": [
            "module.vpc.aws_eip.nat",
            "module.vpc.aws_subnet.public",
            "module.vpc.aws_vpc.vpc"
          ]
        }
      ]
    },
    {
      "module": "module.vpc",
      "mode": "managed",
      "type": "aws_route",
      "name": "private",
      "provider": "provider[\"registry.terraform.io/hashicorp/aws\"]",
      "instances": [
        {
          "schema_version": 0,
          "attributes": {
            "carrier_gateway_id": "",
            "core_network_arn": "",
            "destination_cidr_block": "0.0.0.0/0",
            "destination_ipv6_cidr_block": "",
            "destination_prefix_list_id": "",
            "egress_only_gateway_id": "",
            "gateway_id": "",
            "id": "r-rtb-0b814cb669d9400961080289494",
            "instance_id": "",
            "instance_owner_id": "",
            "local_gateway_id": "",
            "nat_gateway_id": "nat-0a8ecb2e0f232d774",
            "network_interface_id": "",
            "origin": "CreateRoute",
            "route_table_id": "rtb-0b814cb669d940096",
            "state": "active",
            "timeouts": null,
            "transit_gateway_id": "",
            "vpc_endpoint_id": "",
            "vpc_peering_connection_id": ""
          },
          "sensitive_attributes": [],
          "private": "eyJlMmJmYjczMC1lY2FhLTExZTYtOGY4OC0zNDM2M2JjN2M0YzAiOnsiY3JlYXRlIjozMDAwMDAwMDAwMDAsImRlbGV0ZSI6MzAwMDAwMDAwMDAwLCJ1cGRhdGUiOjEyMDAwMDAwMDAwMH19",
          "dependencies": [
            "module.vpc.aws_eip.nat",
            "module.vpc.aws_nat_gateway.ngw",
            "module.vpc.aws_route_table.private",
            "module.vpc.aws_subnet.public",
            "module.vpc.aws_vpc.vpc"
          ]
        }
      ]
    },
    {
      "module": "module.vpc",
      "mode": "managed",
      "type": "aws_route",
      "name": "public",
      "provider": "provider[\"registry.terraform.io/hashicorp/aws\"]",
      "instances": [
        {
          "schema_version": 0,
          "attributes": {
            "carrier_gateway_id": "",
            "core_network_arn": "",
            "destination_cidr_block": "0.0.0.0/0",
            "destination_ipv6_cidr_block": "",
            "destination_prefix_list_id": "",
            "egress_only_gateway_id": "",
            "gateway_id": "igw-043b5e98d6469d682",
            "id": "r-rtb-0d21a0308fa0536da1080289494",
            "instance_id": "",
            "instance_owner_id": "",
            "local_gateway_id": "",
            "nat_gateway_id": "",
            "network_interface_id": "",
            "origin": "CreateRoute",
            "route_table_id": "rtb-0d21a0308fa0536da",
            "state": "active",
            "timeouts": null,
            "transit_gateway_id": "",
            "vpc_endpoint_id": "",
            "vpc_peering_connection_id": ""
          },
          "sensitive_attributes": [],
          "private": "eyJlMmJmYjczMC1lY2FhLTExZTYtOGY4OC0zNDM2M2JjN2M0YzAiOnsiY3JlYXRlIjozMDAwMDAwMDAwMDAsImRlbGV0ZSI6MzAwMDAwMDAwMDAwLCJ1cGRhdGUiOjEyMDAwMDAwMDAwMH19",
          "dependencies": [
            "module.vpc.aws_internet_gateway.igw",
            "module.vpc.aws_route_table.public",
            "module.vpc.aws_vpc.vpc"
          ]
        }
      ]
    },
    {
      "module": "module.vpc",
      "mode": "managed",
      "type": "aws_route_table",
      "name": "private",
      "provider": "provider[\"registry.terraform.io/hashicorp/aws\"]",
      "instances": [
        {
          "schema_version": 0,
          "attributes": {
            "arn": "arn:aws:ec2:us-east-1:115228050885:route-table/rtb-0b814cb669d940096",
            "id": "rtb-0b814cb669d940096",
            "owner_id": "115228050885",
            "propagating_vgws": [],
            "route": [
              {
                "carrier_gateway_id": "",
                "cidr_block": "0.0.0.0/0",
                "core_network_arn": "",
                "destination_prefix_list_id": "",
                "egress_only_gateway_id": "",
                "gateway_id": "",
                "ipv6_cidr_block": "",
                "local_gateway_id": "",
                "nat_gateway_id": "nat-0a8ecb2e0f232d774",
                "network_interface_id": "",
                "transit_gateway_id": "",
                "vpc_endpoint_id": "",
                "vpc_peering_connection_id": ""
              }
            ],
            "tags": {
              "Name": "dev-geotechnologies-ugc-app"
            },
            "tags_all": {
              "Name": "dev-geotechnologies-ugc-app"
            },
            "timeouts": null,
            "vpc_id": "vpc-0ef21bef9a7c0db35"
          },
          "sensitive_attributes": [],
          "private": "eyJlMmJmYjczMC1lY2FhLTExZTYtOGY4OC0zNDM2M2JjN2M0YzAiOnsiY3JlYXRlIjozMDAwMDAwMDAwMDAsImRlbGV0ZSI6MzAwMDAwMDAwMDAwLCJ1cGRhdGUiOjEyMDAwMDAwMDAwMH19",
          "dependencies": [
            "module.vpc.aws_vpc.vpc"
          ]
        }
      ]
    },
    {
      "module": "module.vpc",
      "mode": "managed",
      "type": "aws_route_table",
      "name": "public",
      "provider": "provider[\"registry.terraform.io/hashicorp/aws\"]",
      "instances": [
        {
          "schema_version": 0,
          "attributes": {
            "arn": "arn:aws:ec2:us-east-1:115228050885:route-table/rtb-0d21a0308fa0536da",
            "id": "rtb-0d21a0308fa0536da",
            "owner_id": "115228050885",
            "propagating_vgws": [],
            "route": [
              {
                "carrier_gateway_id": "",
                "cidr_block": "0.0.0.0/0",
                "core_network_arn": "",
                "destination_prefix_list_id": "",
                "egress_only_gateway_id": "",
                "gateway_id": "igw-043b5e98d6469d682",
                "ipv6_cidr_block": "",
                "local_gateway_id": "",
                "nat_gateway_id": "",
                "network_interface_id": "",
                "transit_gateway_id": "",
                "vpc_endpoint_id": "",
                "vpc_peering_connection_id": ""
              }
            ],
            "tags": {
              "Name": "dev-geotechnologies-ugc-app"
            },
            "tags_all": {
              "Name": "dev-geotechnologies-ugc-app"
            },
            "timeouts": null,
            "vpc_id": "vpc-0ef21bef9a7c0db35"
          },
          "sensitive_attributes": [],
          "private": "eyJlMmJmYjczMC1lY2FhLTExZTYtOGY4OC0zNDM2M2JjN2M0YzAiOnsiY3JlYXRlIjozMDAwMDAwMDAwMDAsImRlbGV0ZSI6MzAwMDAwMDAwMDAwLCJ1cGRhdGUiOjEyMDAwMDAwMDAwMH19",
          "dependencies": [
            "module.vpc.aws_vpc.vpc"
          ]
        }
      ]
    },
    {
      "module": "module.vpc",
      "mode": "managed",
      "type": "aws_route_table_association",
      "name": "private",
      "provider": "provider[\"registry.terraform.io/hashicorp/aws\"]",
      "instances": [
        {
          "index_key": "us-east-1a",
          "schema_version": 0,
          "attributes": {
            "gateway_id": "",
            "id": "rtbassoc-01cbb731cd211e8a7",
            "route_table_id": "rtb-0b814cb669d940096",
            "subnet_id": "subnet-0c5b82cefdb302834",
            "timeouts": null
          },
          "sensitive_attributes": [],
          "private": "eyJlMmJmYjczMC1lY2FhLTExZTYtOGY4OC0zNDM2M2JjN2M0YzAiOnsiY3JlYXRlIjozMDAwMDAwMDAwMDAsImRlbGV0ZSI6MzAwMDAwMDAwMDAwLCJ1cGRhdGUiOjEyMDAwMDAwMDAwMH19",
          "dependencies": [
            "module.vpc.aws_route_table.private",
            "module.vpc.aws_subnet.private",
            "module.vpc.aws_vpc.vpc"
          ]
        },
        {
          "index_key": "us-east-1c",
          "schema_version": 0,
          "attributes": {
            "gateway_id": "",
            "id": "rtbassoc-0adfa737e631da847",
            "route_table_id": "rtb-0b814cb669d940096",
            "subnet_id": "subnet-0a1da1e64543a4ed5",
            "timeouts": null
          },
          "sensitive_attributes": [],
          "private": "eyJlMmJmYjczMC1lY2FhLTExZTYtOGY4OC0zNDM2M2JjN2M0YzAiOnsiY3JlYXRlIjozMDAwMDAwMDAwMDAsImRlbGV0ZSI6MzAwMDAwMDAwMDAwLCJ1cGRhdGUiOjEyMDAwMDAwMDAwMH19",
          "dependencies": [
            "module.vpc.aws_route_table.private",
            "module.vpc.aws_subnet.private",
            "module.vpc.aws_vpc.vpc"
          ]
        }
      ]
    },
    {
      "module": "module.vpc",
      "mode": "managed",
      "type": "aws_route_table_association",
      "name": "public",
      "provider": "provider[\"registry.terraform.io/hashicorp/aws\"]",
      "instances": [
        {
          "index_key": "us-east-1a",
          "schema_version": 0,
          "attributes": {
            "gateway_id": "",
            "id": "rtbassoc-0759e0ecd31462b46",
            "route_table_id": "rtb-0d21a0308fa0536da",
            "subnet_id": "subnet-00e3efb62abed4c5f",
            "timeouts": null
          },
          "sensitive_attributes": [],
          "private": "eyJlMmJmYjczMC1lY2FhLTExZTYtOGY4OC0zNDM2M2JjN2M0YzAiOnsiY3JlYXRlIjozMDAwMDAwMDAwMDAsImRlbGV0ZSI6MzAwMDAwMDAwMDAwLCJ1cGRhdGUiOjEyMDAwMDAwMDAwMH19",
          "dependencies": [
            "module.vpc.aws_route_table.public",
            "module.vpc.aws_subnet.public",
            "module.vpc.aws_vpc.vpc"
          ]
        },
        {
          "index_key": "us-east-1c",
          "schema_version": 0,
          "attributes": {
            "gateway_id": "",
            "id": "rtbassoc-0f4c597c9b9dbcb87",
            "route_table_id": "rtb-0d21a0308fa0536da",
            "subnet_id": "subnet-096c34b059990fdae",
            "timeouts": null
          },
          "sensitive_attributes": [],
          "private": "eyJlMmJmYjczMC1lY2FhLTExZTYtOGY4OC0zNDM2M2JjN2M0YzAiOnsiY3JlYXRlIjozMDAwMDAwMDAwMDAsImRlbGV0ZSI6MzAwMDAwMDAwMDAwLCJ1cGRhdGUiOjEyMDAwMDAwMDAwMH19",
          "dependencies": [
            "module.vpc.aws_route_table.public",
            "module.vpc.aws_subnet.public",
            "module.vpc.aws_vpc.vpc"
          ]
        }
      ]
    },
    {
      "module": "module.vpc",
      "mode": "managed",
      "type": "aws_subnet",
      "name": "private",
      "provider": "provider[\"registry.terraform.io/hashicorp/aws\"]",
      "instances": [
        {
          "index_key": "us-east-1a",
          "schema_version": 1,
          "attributes": {
            "arn": "arn:aws:ec2:us-east-1:115228050885:subnet/subnet-0c5b82cefdb302834",
            "assign_ipv6_address_on_creation": false,
            "availability_zone": "us-east-1a",
            "availability_zone_id": "use1-az6",
            "cidr_block": "172.16.64.0/20",
            "customer_owned_ipv4_pool": "",
            "enable_dns64": false,
            "enable_lni_at_device_index": 0,
            "enable_resource_name_dns_a_record_on_launch": false,
            "enable_resource_name_dns_aaaa_record_on_launch": false,
            "id": "subnet-0c5b82cefdb302834",
            "ipv6_cidr_block": "",
            "ipv6_cidr_block_association_id": "",
            "ipv6_native": false,
            "map_customer_owned_ip_on_launch": false,
            "map_public_ip_on_launch": false,
            "outpost_arn": "",
            "owner_id": "115228050885",
            "private_dns_hostname_type_on_launch": "ip-name",
            "tags": {
              "Name": "dev-geotechnologies-ugc-app-private-subnet",
              "Role": "private",
              "Subnet": "us-east-1a-4"
            },
            "tags_all": {
              "Name": "dev-geotechnologies-ugc-app-private-subnet",
              "Role": "private",
              "Subnet": "us-east-1a-4"
            },
            "timeouts": null,
            "vpc_id": "vpc-0ef21bef9a7c0db35"
          },
          "sensitive_attributes": [],
          "private": "eyJlMmJmYjczMC1lY2FhLTExZTYtOGY4OC0zNDM2M2JjN2M0YzAiOnsiY3JlYXRlIjo2MDAwMDAwMDAwMDAsImRlbGV0ZSI6MTIwMDAwMDAwMDAwMH0sInNjaGVtYV92ZXJzaW9uIjoiMSJ9",
          "dependencies": [
            "module.vpc.aws_vpc.vpc"
          ]
        },
        {
          "index_key": "us-east-1c",
          "schema_version": 1,
          "attributes": {
            "arn": "arn:aws:ec2:us-east-1:115228050885:subnet/subnet-0a1da1e64543a4ed5",
            "assign_ipv6_address_on_creation": false,
            "availability_zone": "us-east-1c",
            "availability_zone_id": "use1-az2",
            "cidr_block": "172.16.80.0/20",
            "customer_owned_ipv4_pool": "",
            "enable_dns64": false,
            "enable_lni_at_device_index": 0,
            "enable_resource_name_dns_a_record_on_launch": false,
            "enable_resource_name_dns_aaaa_record_on_launch": false,
            "id": "subnet-0a1da1e64543a4ed5",
            "ipv6_cidr_block": "",
            "ipv6_cidr_block_association_id": "",
            "ipv6_native": false,
            "map_customer_owned_ip_on_launch": false,
            "map_public_ip_on_launch": false,
            "outpost_arn": "",
            "owner_id": "115228050885",
            "private_dns_hostname_type_on_launch": "ip-name",
            "tags": {
              "Name": "dev-geotechnologies-ugc-app-private-subnet",
              "Role": "private",
              "Subnet": "us-east-1c-5"
            },
            "tags_all": {
              "Name": "dev-geotechnologies-ugc-app-private-subnet",
              "Role": "private",
              "Subnet": "us-east-1c-5"
            },
            "timeouts": null,
            "vpc_id": "vpc-0ef21bef9a7c0db35"
          },
          "sensitive_attributes": [],
          "private": "eyJlMmJmYjczMC1lY2FhLTExZTYtOGY4OC0zNDM2M2JjN2M0YzAiOnsiY3JlYXRlIjo2MDAwMDAwMDAwMDAsImRlbGV0ZSI6MTIwMDAwMDAwMDAwMH0sInNjaGVtYV92ZXJzaW9uIjoiMSJ9",
          "dependencies": [
            "module.vpc.aws_vpc.vpc"
          ]
        }
      ]
    },
    {
      "module": "module.vpc",
      "mode": "managed",
      "type": "aws_subnet",
      "name": "public",
      "provider": "provider[\"registry.terraform.io/hashicorp/aws\"]",
      "instances": [
        {
          "index_key": "us-east-1a",
          "schema_version": 1,
          "attributes": {
            "arn": "arn:aws:ec2:us-east-1:115228050885:subnet/subnet-00e3efb62abed4c5f",
            "assign_ipv6_address_on_creation": false,
            "availability_zone": "us-east-1a",
            "availability_zone_id": "use1-az6",
            "cidr_block": "172.16.16.0/20",
            "customer_owned_ipv4_pool": "",
            "enable_dns64": false,
            "enable_lni_at_device_index": 0,
            "enable_resource_name_dns_a_record_on_launch": false,
            "enable_resource_name_dns_aaaa_record_on_launch": false,
            "id": "subnet-00e3efb62abed4c5f",
            "ipv6_cidr_block": "",
            "ipv6_cidr_block_association_id": "",
            "ipv6_native": false,
            "map_customer_owned_ip_on_launch": false,
            "map_public_ip_on_launch": true,
            "outpost_arn": "",
            "owner_id": "115228050885",
            "private_dns_hostname_type_on_launch": "ip-name",
            "tags": {
              "Name": "dev-geotechnologies-ugc-app-public-subnet",
              "Role": "public",
              "Subnet": "us-east-1a-1"
            },
            "tags_all": {
              "Name": "dev-geotechnologies-ugc-app-public-subnet",
              "Role": "public",
              "Subnet": "us-east-1a-1"
            },
            "timeouts": null,
            "vpc_id": "vpc-0ef21bef9a7c0db35"
          },
          "sensitive_attributes": [],
          "private": "eyJlMmJmYjczMC1lY2FhLTExZTYtOGY4OC0zNDM2M2JjN2M0YzAiOnsiY3JlYXRlIjo2MDAwMDAwMDAwMDAsImRlbGV0ZSI6MTIwMDAwMDAwMDAwMH0sInNjaGVtYV92ZXJzaW9uIjoiMSJ9",
          "dependencies": [
            "module.vpc.aws_vpc.vpc"
          ]
        },
        {
          "index_key": "us-east-1c",
          "schema_version": 1,
          "attributes": {
            "arn": "arn:aws:ec2:us-east-1:115228050885:subnet/subnet-096c34b059990fdae",
            "assign_ipv6_address_on_creation": false,
            "availability_zone": "us-east-1c",
            "availability_zone_id": "use1-az2",
            "cidr_block": "172.16.32.0/20",
            "customer_owned_ipv4_pool": "",
            "enable_dns64": false,
            "enable_lni_at_device_index": 0,
            "enable_resource_name_dns_a_record_on_launch": false,
            "enable_resource_name_dns_aaaa_record_on_launch": false,
            "id": "subnet-096c34b059990fdae",
            "ipv6_cidr_block": "",
            "ipv6_cidr_block_association_id": "",
            "ipv6_native": false,
            "map_customer_owned_ip_on_launch": false,
            "map_public_ip_on_launch": true,
            "outpost_arn": "",
            "owner_id": "115228050885",
            "private_dns_hostname_type_on_launch": "ip-name",
            "tags": {
              "Name": "dev-geotechnologies-ugc-app-public-subnet",
              "Role": "public",
              "Subnet": "us-east-1c-2"
            },
            "tags_all": {
              "Name": "dev-geotechnologies-ugc-app-public-subnet",
              "Role": "public",
              "Subnet": "us-east-1c-2"
            },
            "timeouts": null,
            "vpc_id": "vpc-0ef21bef9a7c0db35"
          },
          "sensitive_attributes": [],
          "private": "eyJlMmJmYjczMC1lY2FhLTExZTYtOGY4OC0zNDM2M2JjN2M0YzAiOnsiY3JlYXRlIjo2MDAwMDAwMDAwMDAsImRlbGV0ZSI6MTIwMDAwMDAwMDAwMH0sInNjaGVtYV92ZXJzaW9uIjoiMSJ9",
          "dependencies": [
            "module.vpc.aws_vpc.vpc"
          ]
        }
      ]
    },
    {
      "module": "module.vpc",
      "mode": "managed",
      "type": "aws_vpc",
      "name": "vpc",
      "provider": "provider[\"registry.terraform.io/hashicorp/aws\"]",
      "instances": [
        {
          "schema_version": 1,
          "attributes": {
            "arn": "arn:aws:ec2:us-east-1:115228050885:vpc/vpc-0ef21bef9a7c0db35",
            "assign_generated_ipv6_cidr_block": false,
            "cidr_block": "172.16.0.0/16",
            "default_network_acl_id": "acl-08727f88b2a8f2ae7",
            "default_route_table_id": "rtb-00903816885cca11f",
            "default_security_group_id": "sg-0a7fffd6f2a2b30e0",
            "dhcp_options_id": "dopt-0a0f3d883cf3d82d6",
            "enable_dns_hostnames": false,
            "enable_dns_support": true,
            "enable_network_address_usage_metrics": false,
            "id": "vpc-0ef21bef9a7c0db35",
            "instance_tenancy": "default",
            "ipv4_ipam_pool_id": null,
            "ipv4_netmask_length": null,
            "ipv6_association_id": "",
            "ipv6_cidr_block": "",
            "ipv6_cidr_block_network_border_group": "",
            "ipv6_ipam_pool_id": "",
            "ipv6_netmask_length": 0,
            "main_route_table_id": "rtb-00903816885cca11f",
            "owner_id": "115228050885",
            "tags": {
              "Name": "dev-geotechnologies-ugc-app"
            },
            "tags_all": {
              "Name": "dev-geotechnologies-ugc-app"
            }
          },
          "sensitive_attributes": [],
          "private": "eyJzY2hlbWFfdmVyc2lvbiI6IjEifQ=="
        }
      ]
    }
  ],
  "check_results": null
}
