{
  "version": 4,
  "terraform_version": "1.6.6",
  "serial": 245,
  "lineage": "43f0e0e8-3794-51fa-ec5a-bd27b005c976",
  "outputs": {},
  "resources": [
    {
      "mode": "data",
      "type": "aws_secretsmanager_secret",
      "name": "ugc_secret_dev",
      "provider": "provider[\"registry.terraform.io/hashicorp/aws\"]",
      "instances": [
        {
          "schema_version": 0,
          "attributes": {
            "arn": "arn:aws:secretsmanager:us-east-1:115228050885:secret:ugc_secret_dev-UnEAmj",
            "description": "",
            "id": "arn:aws:secretsmanager:us-east-1:115228050885:secret:ugc_secret_dev-UnEAmj",
            "kms_key_id": "",
            "name": "ugc_secret_dev",
            "policy": "",
            "tags": {}
          },
          "sensitive_attributes": []
        }
      ]
    },
    {
      "mode": "data",
      "type": "aws_secretsmanager_secret_version",
      "name": "ugc_secret_version",
      "provider": "provider[\"registry.terraform.io/hashicorp/aws\"]",
      "instances": [
        {
          "schema_version": 0,
          "attributes": {
            "arn": "arn:aws:secretsmanager:us-east-1:115228050885:secret:ugc_secret_dev-UnEAmj",
            "id": "arn:aws:secretsmanager:us-east-1:115228050885:secret:ugc_secret_dev-UnEAmj|AWSCURRENT",
            "secret_binary": "",
            "secret_id": "arn:aws:secretsmanager:us-east-1:115228050885:secret:ugc_secret_dev-UnEAmj",
            "secret_string": "{\"key\":\"AKIARQZT7GZLRSQRCIWU\",\"secret\":\"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\",\"username\":\"root\",\"password\":\"khair00t1001\",\"OAuthToken\":\"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\"}",
            "version_id": "6461acee-79b3-4bb0-9822-bcb7b65a1297",
            "version_stage": "AWSCURRENT",
            "version_stages": [
              "AWSCURRENT"
            ]
          },
          "sensitive_attributes": []
        }
      ]
    },
    {
      "module": "module.acm",
      "mode": "managed",
      "type": "aws_acm_certificate",
      "name": "cert",
      "provider": "provider[\"registry.terraform.io/hashicorp/aws\"]",
      "instances": [
        {
          "schema_version": 0,
          "attributes": {
            "arn": "arn:aws:acm:us-east-1:115228050885:certificate/230f0f65-1658-4493-89d6-47922ce4c896",
            "certificate_authority_arn": "",
            "certificate_body": null,
            "certificate_chain": null,
            "domain_name": "devops.donnytran.com",
            "domain_validation_options": [
              {
                "domain_name": "*.devops.donnytran.com",
                "resource_record_name": "_de110572aa000abe3e4385c5d90f7e64.devops.donnytran.com.",
                "resource_record_type": "CNAME",
                "resource_record_value": "_98833f3afd238ba5d9481becd7f61baa.lqynnrqbbf.acm-validations.aws."
              },
              {
                "domain_name": "devops.donnytran.com",
                "resource_record_name": "_de110572aa000abe3e4385c5d90f7e64.devops.donnytran.com.",
                "resource_record_type": "CNAME",
                "resource_record_value": "_98833f3afd238ba5d9481becd7f61baa.lqynnrqbbf.acm-validations.aws."
              }
            ],
            "early_renewal_duration": "",
            "id": "arn:aws:acm:us-east-1:115228050885:certificate/230f0f65-1658-4493-89d6-47922ce4c896",
            "key_algorithm": "RSA_2048",
            "not_after": "",
            "not_before": "",
            "options": [
              {
                "certificate_transparency_logging_preference": "ENABLED"
              }
            ],
            "pending_renewal": false,
            "private_key": null,
            "renewal_eligibility": "INELIGIBLE",
            "renewal_summary": [],
            "status": "PENDING_VALIDATION",
            "subject_alternative_names": [
              "*.devops.donnytran.com",
              "devops.donnytran.com"
            ],
            "tags": {
              "Environment": "dev"
            },
            "tags_all": {
              "Environment": "dev"
            },
            "type": "AMAZON_ISSUED",
            "validation_emails": [],
            "validation_method": "DNS",
            "validation_option": []
          },
          "sensitive_attributes": [],
          "private": "bnVsbA==",
          "create_before_destroy": true
        }
      ]
    },
    {
      "module": "module.cf_fe",
      "mode": "data",
      "type": "aws_iam_policy_document",
      "name": "policy_doc",
      "provider": "provider[\"registry.terraform.io/hashicorp/aws\"]",
      "instances": [
        {
          "schema_version": 0,
          "attributes": {
            "id": "3136701563",
            "json": "{\n  \"Version\": \"2012-10-17\",\n  \"Statement\": [\n    {\n      \"Effect\": \"Allow\",\n      \"Action\": \"s3:GetObject\",\n      \"Resource\": \"arn:aws:s3:::dev-geotechnologies-ugc-app-fe/*\",\n      \"Principal\": {\n        \"AWS\": \"arn:aws:iam::cloudfront:user/CloudFront Origin Access Identity E20HMD236SQEGO\"\n      }\n    }\n  ]\n}",
            "override_policy_documents": null,
            "policy_id": null,
            "source_policy_documents": null,
            "statement": [
              {
                "actions": [
                  "s3:GetObject"
                ],
                "condition": [],
                "effect": "Allow",
                "not_actions": [],
                "not_principals": [],
                "not_resources": [],
                "principals": [
                  {
                    "identifiers": [
                      "arn:aws:iam::cloudfront:user/CloudFront Origin Access Identity E20HMD236SQEGO"
                    ],
                    "type": "AWS"
                  }
                ],
                "resources": [
                  "arn:aws:s3:::dev-geotechnologies-ugc-app-fe/*"
                ],
                "sid": ""
              }
            ],
            "version": "2012-10-17"
          },
          "sensitive_attributes": []
        }
      ]
    },
    {
      "module": "module.cf_fe",
      "mode": "managed",
      "type": "aws_cloudfront_origin_access_identity",
      "name": "cf_oai",
      "provider": "provider[\"registry.terraform.io/hashicorp/aws\"]",
      "instances": [
        {
          "schema_version": 0,
          "attributes": {
            "caller_reference": "terraform-20240109022744511600000001",
            "cloudfront_access_identity_path": "origin-access-identity/cloudfront/E20HMD236SQEGO",
            "comment": "dev-geotechnologies-ugc-app-fe",
            "etag": "E1PFKQ10JFVHEL",
            "iam_arn": "arn:aws:iam::cloudfront:user/CloudFront Origin Access Identity E20HMD236SQEGO",
            "id": "E20HMD236SQEGO",
            "s3_canonical_user_id": "d2ace070865b5e30e17e280b5c2e153387013c5060a35e3a10b95805b33ae5ac14f2e2f6346020cf80064a1b8f0f06ff"
          },
          "sensitive_attributes": [],
          "private": "bnVsbA=="
        }
      ]
    },
    {
      "module": "module.cf_fe",
      "mode": "managed",
      "type": "aws_s3_bucket",
      "name": "s3_static_page",
      "provider": "provider[\"registry.terraform.io/hashicorp/aws\"]",
      "instances": [
        {
          "schema_version": 0,
          "attributes": {
            "acceleration_status": "",
            "acl": null,
            "arn": "arn:aws:s3:::dev-geotechnologies-ugc-app-fe",
            "bucket": "dev-geotechnologies-ugc-app-fe",
            "bucket_domain_name": "dev-geotechnologies-ugc-app-fe.s3.amazonaws.com",
            "bucket_prefix": "",
            "bucket_regional_domain_name": "dev-geotechnologies-ugc-app-fe.s3.us-east-1.amazonaws.com",
            "cors_rule": [],
            "force_destroy": false,
            "grant": [
              {
                "id": "d476d7116ea2ec7483c4d5d714e995bf2dc82b44b4939015f06a47d0111083c7",
                "permissions": [
                  "FULL_CONTROL"
                ],
                "type": "CanonicalUser",
                "uri": ""
              }
            ],
            "hosted_zone_id": "Z3AQBSTGFYJSTF",
            "id": "dev-geotechnologies-ugc-app-fe",
            "lifecycle_rule": [],
            "logging": [],
            "object_lock_configuration": [],
            "object_lock_enabled": false,
            "policy": "",
            "region": "us-east-1",
            "replication_configuration": [],
            "request_payer": "BucketOwner",
            "server_side_encryption_configuration": [
              {
                "rule": [
                  {
                    "apply_server_side_encryption_by_default": [
                      {
                        "kms_master_key_id": "",
                        "sse_algorithm": "AES256"
                      }
                    ],
                    "bucket_key_enabled": false
                  }
                ]
              }
            ],
            "tags": null,
            "tags_all": {},
            "timeouts": null,
            "versioning": [
              {
                "enabled": false,
                "mfa_delete": false
              }
            ],
            "website": [],
            "website_domain": null,
            "website_endpoint": null
          },
          "sensitive_attributes": [],
          "private": "eyJlMmJmYjczMC1lY2FhLTExZTYtOGY4OC0zNDM2M2JjN2M0YzAiOnsiY3JlYXRlIjoxMjAwMDAwMDAwMDAwLCJkZWxldGUiOjM2MDAwMDAwMDAwMDAsInJlYWQiOjEyMDAwMDAwMDAwMDAsInVwZGF0ZSI6MTIwMDAwMDAwMDAwMH19"
        }
      ]
    },
    {
      "module": "module.cf_fe",
      "mode": "managed",
      "type": "aws_s3_bucket_policy",
      "name": "policy",
      "provider": "provider[\"registry.terraform.io/hashicorp/aws\"]",
      "instances": [
        {
          "schema_version": 0,
          "attributes": {
            "bucket": "dev-geotechnologies-ugc-app-fe",
            "id": "dev-geotechnologies-ugc-app-fe",
            "policy": "{\"Statement\":[{\"Action\":\"s3:GetObject\",\"Effect\":\"Allow\",\"Principal\":{\"AWS\":\"arn:aws:iam::cloudfront:user/CloudFront Origin Access Identity E20HMD236SQEGO\"},\"Resource\":\"arn:aws:s3:::dev-geotechnologies-ugc-app-fe/*\"}],\"Version\":\"2012-10-17\"}"
          },
          "sensitive_attributes": [],
          "private": "bnVsbA==",
          "dependencies": [
            "module.cf_fe.aws_cloudfront_origin_access_identity.cf_oai",
            "module.cf_fe.aws_s3_bucket.s3_static_page",
            "module.cf_fe.data.aws_iam_policy_document.policy_doc"
          ]
        }
      ]
    },
    {
      "module": "module.ecr",
      "mode": "managed",
      "type": "aws_ecr_repository",
      "name": "ecr",
      "provider": "provider[\"registry.terraform.io/hashicorp/aws\"]",
      "instances": [
        {
          "schema_version": 0,
          "attributes": {
            "arn": "arn:aws:ecr:us-east-1:115228050885:repository/dev-geotechnologies-ugc-app-ecrtest",
            "encryption_configuration": [
              {
                "encryption_type": "AES256",
                "kms_key": ""
              }
            ],
            "force_delete": null,
            "id": "dev-geotechnologies-ugc-app-ecrtest",
            "image_scanning_configuration": [
              {
                "scan_on_push": false
              }
            ],
            "image_tag_mutability": "MUTABLE",
            "name": "dev-geotechnologies-ugc-app-ecrtest",
            "registry_id": "115228050885",
            "repository_url": "115228050885.dkr.ecr.us-east-1.amazonaws.com/dev-geotechnologies-ugc-app-ecrtest",
            "tags": null,
            "tags_all": {},
            "timeouts": null
          },
          "sensitive_attributes": [],
          "private": "eyJlMmJmYjczMC1lY2FhLTExZTYtOGY4OC0zNDM2M2JjN2M0YzAiOnsiZGVsZXRlIjoxMjAwMDAwMDAwMDAwfX0="
        }
      ]
    },
    {
      "module": "module.ecs_scale[\"testingservice\"]",
      "mode": "managed",
      "type": "aws_cloudwatch_log_group",
      "name": "log_group",
      "provider": "provider[\"registry.terraform.io/hashicorp/aws\"]",
      "instances": [
        {
          "schema_version": 0,
          "attributes": {
            "arn": "arn:aws:logs:us-east-1:115228050885:log-group:ecs/dev-geotechnologies-ugc-app-testingservice",
            "id": "ecs/dev-geotechnologies-ugc-app-testingservice",
            "kms_key_id": "",
            "log_group_class": "STANDARD",
            "name": "ecs/dev-geotechnologies-ugc-app-testingservice",
            "name_prefix": "",
            "retention_in_days": 7,
            "skip_destroy": false,
            "tags": {},
            "tags_all": {}
          },
          "sensitive_attributes": [],
          "private": "bnVsbA=="
        }
      ]
    },
    {
      "module": "module.ecs_scale[\"testingservice\"]",
      "mode": "managed",
      "type": "aws_ecs_task_definition",
      "name": "task_definition",
      "provider": "provider[\"registry.terraform.io/hashicorp/aws\"]",
      "instances": [
        {
          "schema_version": 1,
          "attributes": {
            "arn": "arn:aws:ecs:us-east-1:115228050885:task-definition/dev-geotechnologies-ugc-app-testingservice:4",
            "arn_without_revision": "arn:aws:ecs:us-east-1:115228050885:task-definition/dev-geotechnologies-ugc-app-testingservice",
            "container_definitions": "[{\"cpu\":0,\"environment\":[],\"essential\":true,\"image\":\"115228050885.dkr.ecr.us-east-1.amazonaws.com/dev-geotechnologies-ugc-app-ugc-container:latest\",\"logConfiguration\":{\"logDriver\":\"awslogs\",\"options\":{\"awslogs-group\":\"ecs/dev-geotechnologies-ugc-app-testingservice\",\"awslogs-region\":\"us-east-1\",\"awslogs-stream-prefix\":\"ecs\"}},\"mountPoints\":[],\"name\":\"ugc-container\",\"portMappings\":[{\"containerPort\":80,\"hostPort\":80,\"protocol\":\"tcp\"}],\"volumesFrom\":[]}]",
            "cpu": "512",
            "ephemeral_storage": [],
            "execution_role_arn": "arn:aws:iam::115228050885:role/dev-geotechnologies-ugc-app-execution",
            "family": "dev-geotechnologies-ugc-app-testingservice",
            "id": "dev-geotechnologies-ugc-app-testingservice",
            "inference_accelerator": [],
            "ipc_mode": "",
            "memory": "2048",
            "network_mode": "awsvpc",
            "pid_mode": "",
            "placement_constraints": [],
            "proxy_configuration": [],
            "requires_compatibilities": [
              "FARGATE"
            ],
            "revision": 4,
            "runtime_platform": [],
            "skip_destroy": false,
            "tags": {},
            "tags_all": {},
            "task_role_arn": "arn:aws:iam::115228050885:role/dev-geotechnologies-ugc-app-ecs-service",
            "volume": []
          },
          "sensitive_attributes": [],
          "private": "eyJzY2hlbWFfdmVyc2lvbiI6IjEifQ==",
          "dependencies": [
            "module.ecs_base.aws_ecs_cluster.ecs_cluster",
            "module.ecs_base.aws_iam_role.role_auto_scaling",
            "module.ecs_base.aws_iam_role.role_ecs_service",
            "module.ecs_base.aws_iam_role.role_execution",
            "module.ecs_scale.aws_cloudwatch_log_group.log_group"
          ]
        }
      ]
    },
    {
      "module": "module.pipelinebase",
      "mode": "data",
      "type": "archive_file",
      "name": "zipit",
      "provider": "provider[\"registry.terraform.io/hashicorp/archive\"]",
      "instances": [
        {
          "schema_version": 0,
          "attributes": {
            "exclude_symlink_directories": null,
            "excludes": null,
            "id": "0026a78d005e797ae10ebd5ca685a11b4a6d343e",
            "output_base64sha256": "UQC4sY6ZPTcNUwlhO6Kf/FWZ4COZTdVeh3QY6624JFg=",
            "output_base64sha512": "1yoW6JRucR1rnGcy6FR1K5cVBidsbQS1bgD4FencLyz9zm6CUORxGPFZHnjRGeX3+HcMJJmu0D4z8lkw9JhV9g==",
            "output_file_mode": null,
            "output_md5": "698acb5bc79aa5ba9a419dd6ec583608",
            "output_path": "geotechnologies-ugc-app-dev-lambda-so11S.zip",
            "output_sha": "0026a78d005e797ae10ebd5ca685a11b4a6d343e",
            "output_sha256": "5100b8b18e993d370d5309613ba29ffc5599e023994dd55e877418ebadb82458",
            "output_sha512": "d72a16e8946e711d6b9c6732e854752b971506276c6d04b56e00f815e9dc2f2cfdce6e8250e47118f1591e78d119e5f7f8770c2499aed03e33f25930f49855f6",
            "output_size": 938,
            "source": [],
            "source_content": null,
            "source_content_filename": null,
            "source_dir": null,
            "source_file": "../modules/pipelinebase/lambda.py",
            "type": "zip"
          },
          "sensitive_attributes": []
        }
      ]
    },
    {
      "module": "module.pipelinebase",
      "mode": "managed",
      "type": "aws_iam_role",
      "name": "codebuild_role",
      "provider": "provider[\"registry.terraform.io/hashicorp/aws\"]",
      "instances": [
        {
          "schema_version": 0,
          "attributes": {
            "arn": "arn:aws:iam::115228050885:role/dev-geotechnologies-ugc-app-codebuild-role",
            "assume_role_policy": "{\"Statement\":[{\"Action\":\"sts:AssumeRole\",\"Effect\":\"Allow\",\"Principal\":{\"Service\":\"codebuild.amazonaws.com\"}}],\"Version\":\"2012-10-17\"}",
            "create_date": "2024-01-08T10:06:29Z",
            "description": "",
            "force_detach_policies": false,
            "id": "dev-geotechnologies-ugc-app-codebuild-role",
            "inline_policy": [],
            "managed_policy_arns": [],
            "max_session_duration": 3600,
            "name": "dev-geotechnologies-ugc-app-codebuild-role",
            "name_prefix": "",
            "path": "/",
            "permissions_boundary": "",
            "tags": null,
            "tags_all": {},
            "unique_id": "AROARVVBAQXCQZ2BUKAIM"
          },
          "sensitive_attributes": [],
          "private": "bnVsbA=="
        }
      ]
    },
    {
      "module": "module.pipelinebase",
      "mode": "managed",
      "type": "aws_iam_role",
      "name": "codedeploy_role",
      "provider": "provider[\"registry.terraform.io/hashicorp/aws\"]",
      "instances": [
        {
          "schema_version": 0,
          "attributes": {
            "arn": "arn:aws:iam::115228050885:role/dev-geotechnologies-ugc-app-codedeploy-role",
            "assume_role_policy": "{\"Statement\":[{\"Action\":\"sts:AssumeRole\",\"Effect\":\"Allow\",\"Principal\":{\"Service\":\"codedeploy.amazonaws.com\"},\"Sid\":\"\"}],\"Version\":\"2012-10-17\"}",
            "create_date": "2024-01-08T10:06:29Z",
            "description": "",
            "force_detach_policies": false,
            "id": "dev-geotechnologies-ugc-app-codedeploy-role",
            "inline_policy": [],
            "managed_policy_arns": [],
            "max_session_duration": 3600,
            "name": "dev-geotechnologies-ugc-app-codedeploy-role",
            "name_prefix": "",
            "path": "/",
            "permissions_boundary": "",
            "tags": null,
            "tags_all": {},
            "unique_id": "AROARVVBAQXCUR7HT3M73"
          },
          "sensitive_attributes": [],
          "private": "bnVsbA=="
        }
      ]
    },
    {
      "module": "module.pipelinebase",
      "mode": "managed",
      "type": "aws_iam_role",
      "name": "lambda_role",
      "provider": "provider[\"registry.terraform.io/hashicorp/aws\"]",
      "instances": [
        {
          "schema_version": 0,
          "attributes": {
            "arn": "arn:aws:iam::115228050885:role/geotechnologies-ugc-app-dev-webhook-endpoint",
            "assume_role_policy": "{\"Statement\":[{\"Action\":\"sts:AssumeRole\",\"Effect\":\"Allow\",\"Principal\":{\"Service\":\"lambda.amazonaws.com\"},\"Sid\":\"\"}],\"Version\":\"2008-10-17\"}",
            "create_date": "2024-01-08T10:06:30Z",
            "description": "",
            "force_detach_policies": false,
            "id": "geotechnologies-ugc-app-dev-webhook-endpoint",
            "inline_policy": [
              {
                "name": "geotechnologies-ugc-app-dev-executionrole",
                "policy": "{\"Version\":\"2012-10-17\",\"Statement\":[{\"Action\":[\"cloudwatch:*\",\"logs:*\"],\"Effect\":\"Allow\",\"Resource\":\"*\"},{\"Action\":[\"s3:*\"],\"Effect\":\"Allow\",\"Resource\":[\"arn:aws:s3:::dev-geotechnologies-ugc-app-codepipeline-bucket\",\"arn:aws:s3:::dev-geotechnologies-ugc-app-codepipeline-bucket/*\"]}]}"
              }
            ],
            "managed_policy_arns": [],
            "max_session_duration": 3600,
            "name": "geotechnologies-ugc-app-dev-webhook-endpoint",
            "name_prefix": "",
            "path": "/",
            "permissions_boundary": "",
            "tags": null,
            "tags_all": {},
            "unique_id": "AROARVVBAQXC3V6MCXKJ5"
          },
          "sensitive_attributes": [],
          "private": "bnVsbA==",
          "dependencies": [
            "module.pipelinebase.aws_s3_bucket.bucket_artifact"
          ]
        }
      ]
    },
    {
      "module": "module.pipelinebase",
      "mode": "managed",
      "type": "aws_iam_role",
      "name": "pipeline_role",
      "provider": "provider[\"registry.terraform.io/hashicorp/aws\"]",
      "instances": [
        {
          "schema_version": 0,
          "attributes": {
            "arn": "arn:aws:iam::115228050885:role/dev-geotechnologies-ugc-app-codepipeline-role",
            "assume_role_policy": "{\"Statement\":[{\"Action\":\"sts:AssumeRole\",\"Effect\":\"Allow\",\"Principal\":{\"Service\":\"codepipeline.amazonaws.com\"}}],\"Version\":\"2012-10-17\"}",
            "create_date": "2024-01-08T10:06:29Z",
            "description": "",
            "force_detach_policies": false,
            "id": "dev-geotechnologies-ugc-app-codepipeline-role",
            "inline_policy": [],
            "managed_policy_arns": [],
            "max_session_duration": 3600,
            "name": "dev-geotechnologies-ugc-app-codepipeline-role",
            "name_prefix": "",
            "path": "/",
            "permissions_boundary": "",
            "tags": null,
            "tags_all": {},
            "unique_id": "AROARVVBAQXCQ5ZETI2U3"
          },
          "sensitive_attributes": [],
          "private": "bnVsbA=="
        }
      ]
    },
    {
      "module": "module.pipelinebase",
      "mode": "managed",
      "type": "aws_iam_role_policy",
      "name": "codepipeline_policy",
      "provider": "provider[\"registry.terraform.io/hashicorp/aws\"]",
      "instances": [
        {
          "schema_version": 0,
          "attributes": {
            "id": "dev-geotechnologies-ugc-app-codepipeline-role:terraform-20240108100632282500000002",
            "name": "terraform-20240108100632282500000002",
            "name_prefix": "terraform-",
            "policy": "{\"Version\":\"2012-10-17\",\"Statement\":[{\"Action\":[\"s3:GetObject\",\"s3:GetObjectVersion\",\"s3:GetBucketVersioning\",\"s3:PutObjectAcl\",\"s3:PutObject\"],\"Effect\":\"Allow\",\"Resource\":[\"arn:aws:s3:::dev-geotechnologies-ugc-app-codepipeline-bucket\",\"arn:aws:s3:::dev-geotechnologies-ugc-app-codepipeline-bucket/*\"]},{\"Action\":[\"codebuild:BatchGetBuilds\",\"codebuild:StartBuild\"],\"Effect\":\"Allow\",\"Resource\":\"*\"},{\"Action\":[\"codedeploy:*\"],\"Effect\":\"Allow\",\"Resource\":\"*\"}]}",
            "role": "dev-geotechnologies-ugc-app-codepipeline-role"
          },
          "sensitive_attributes": [],
          "private": "bnVsbA==",
          "dependencies": [
            "module.pipelinebase.aws_iam_role.pipeline_role",
            "module.pipelinebase.aws_s3_bucket.bucket_artifact"
          ]
        }
      ]
    },
    {
      "module": "module.pipelinebase",
      "mode": "managed",
      "type": "aws_iam_role_policy",
      "name": "s3_policy_cicd",
      "provider": "provider[\"registry.terraform.io/hashicorp/aws\"]",
      "instances": [
        {
          "schema_version": 0,
          "attributes": {
            "id": "dev-geotechnologies-ugc-app-codebuild-role:terraform-20240108100632282000000001",
            "name": "terraform-20240108100632282000000001",
            "name_prefix": "terraform-",
            "policy": "{\"Version\":\"2012-10-17\",\"Statement\":[{\"Action\":[\"logs:*\",\"ssm:*\"],\"Effect\":\"Allow\",\"Resource\":[\"*\"]},{\"Action\":[\"ecr:GetDownloadUrlForLayer\",\"ecr:BatchGetImage\",\"ecr:CompleteLayerUpload\",\"ecr:UploadLayerPart\",\"ecr:InitiateLayerUpload\",\"ecr:BatchCheckLayerAvailability\",\"ecr:GetAuthorizationToken\",\"ecr:PutImage\"],\"Effect\":\"Allow\",\"Resource\":[\"*\"]},{\"Action\":[\"ssm:DescribeParameters\",\"ssm:GetParameter\"],\"Effect\":\"Allow\",\"Resource\":[\"*\"]},{\"Action\":[\"s3:PutObject\",\"s3:GetObject\",\"s3:ListBucket\",\"s3:DeleteObject\"],\"Effect\":\"Allow\",\"Resource\":[\"*\"]},{\"Action\":[\"cloudfront:CreateInvalidation\",\"cloudfront:GetDistribution\",\"cloudfront:GetStreamingDistribution\",\"cloudfront:GetDistributionConfig\",\"cloudfront:GetInvalidation\",\"cloudfront:ListInvalidations\",\"cloudfront:ListStreamingDistributions\",\"cloudfront:ListDistributions\"],\"Effect\":\"Allow\",\"Resource\":[\"*\"]},{\"Action\":[\"s3:GetObject\",\"s3:PutObject\",\"s3:PutObjectTagging\",\"s3:GetObjectVersion\",\"s3:GetBucketVersioning\",\"s3:*\"],\"Effect\":\"Allow\",\"Resource\":[\"arn:aws:s3:::dev-geotechnologies-ugc-app-codepipeline-bucket\",\"arn:aws:s3:::dev-geotechnologies-ugc-app-codepipeline-bucket/*\"]}]}",
            "role": "dev-geotechnologies-ugc-app-codebuild-role"
          },
          "sensitive_attributes": [],
          "private": "bnVsbA==",
          "dependencies": [
            "module.pipelinebase.aws_iam_role.codebuild_role",
            "module.pipelinebase.aws_s3_bucket.bucket_artifact"
          ]
        }
      ]
    },
    {
      "module": "module.pipelinebase",
      "mode": "managed",
      "type": "aws_iam_role_policy_attachment",
      "name": "AWSCodeDeployRole",
      "provider": "provider[\"registry.terraform.io/hashicorp/aws\"]",
      "instances": [
        {
          "schema_version": 0,
          "attributes": {
            "id": "dev-geotechnologies-ugc-app-codedeploy-role-20240108100633262300000004",
            "policy_arn": "arn:aws:iam::aws:policy/service-role/AWSCodeDeployRole",
            "role": "dev-geotechnologies-ugc-app-codedeploy-role"
          },
          "sensitive_attributes": [],
          "private": "bnVsbA==",
          "dependencies": [
            "module.pipelinebase.aws_iam_role.codedeploy_role"
          ]
        }
      ]
    },
    {
      "module": "module.pipelinebase",
      "mode": "managed",
      "type": "aws_iam_role_policy_attachment",
      "name": "AWSCodeDeployRoleForECS",
      "provider": "provider[\"registry.terraform.io/hashicorp/aws\"]",
      "instances": [
        {
          "schema_version": 0,
          "attributes": {
            "id": "dev-geotechnologies-ugc-app-codepipeline-role-20240108100632576700000003",
            "policy_arn": "arn:aws:iam::aws:policy/AmazonECS_FullAccess",
            "role": "dev-geotechnologies-ugc-app-codepipeline-role"
          },
          "sensitive_attributes": [],
          "private": "bnVsbA==",
          "dependencies": [
            "module.pipelinebase.aws_iam_role.pipeline_role"
          ]
        }
      ]
    },
    {
      "module": "module.pipelinebase",
      "mode": "managed",
      "type": "aws_lambda_function",
      "name": "lambda",
      "provider": "provider[\"registry.terraform.io/hashicorp/aws\"]",
      "instances": [
        {
          "schema_version": 0,
          "attributes": {
            "architectures": [
              "x86_64"
            ],
            "arn": "arn:aws:lambda:us-east-1:115228050885:function:geotechnologies-ugc-app-dev-webhook-endpoint",
            "code_signing_config_arn": "",
            "dead_letter_config": [],
            "description": "",
            "environment": [
              {
                "variables": {
                  "BUCKET": "dev-geotechnologies-ugc-app-codepipeline-bucket",
                  "SECRET_KEY": "joICHOKghftXQjwj"
                }
              }
            ],
            "ephemeral_storage": [
              {
                "size": 512
              }
            ],
            "file_system_config": [],
            "filename": "geotechnologies-ugc-app-dev-lambda-so11S.zip",
            "function_name": "geotechnologies-ugc-app-dev-webhook-endpoint",
            "handler": "lambda.lambda_handler",
            "id": "geotechnologies-ugc-app-dev-webhook-endpoint",
            "image_config": [],
            "image_uri": "",
            "invoke_arn": "arn:aws:apigateway:us-east-1:lambda:path/2015-03-31/functions/arn:aws:lambda:us-east-1:115228050885:function:geotechnologies-ugc-app-dev-webhook-endpoint/invocations",
            "kms_key_arn": "",
            "last_modified": "2024-01-08T10:06:38.299+0000",
            "layers": null,
            "memory_size": 128,
            "package_type": "Zip",
            "publish": false,
            "qualified_arn": "arn:aws:lambda:us-east-1:115228050885:function:geotechnologies-ugc-app-dev-webhook-endpoint:$LATEST",
            "qualified_invoke_arn": "arn:aws:apigateway:us-east-1:lambda:path/2015-03-31/functions/arn:aws:lambda:us-east-1:115228050885:function:geotechnologies-ugc-app-dev-webhook-endpoint:$LATEST/invocations",
            "replace_security_groups_on_destroy": null,
            "replacement_security_group_ids": null,
            "reserved_concurrent_executions": -1,
            "role": "arn:aws:iam::115228050885:role/geotechnologies-ugc-app-dev-webhook-endpoint",
            "runtime": "python3.10",
            "s3_bucket": null,
            "s3_key": null,
            "s3_object_version": null,
            "signing_job_arn": "",
            "signing_profile_version_arn": "",
            "skip_destroy": false,
            "snap_start": [],
            "source_code_hash": "UQC4sY6ZPTcNUwlhO6Kf/FWZ4COZTdVeh3QY6624JFg=",
            "source_code_size": 938,
            "tags": null,
            "tags_all": {},
            "timeout": 30,
            "timeouts": null,
            "tracing_config": [
              {
                "mode": "PassThrough"
              }
            ],
            "version": "$LATEST",
            "vpc_config": []
          },
          "sensitive_attributes": [],
          "private": "eyJlMmJmYjczMC1lY2FhLTExZTYtOGY4OC0zNDM2M2JjN2M0YzAiOnsiY3JlYXRlIjo2MDAwMDAwMDAwMDAsImRlbGV0ZSI6NjAwMDAwMDAwMDAwLCJ1cGRhdGUiOjYwMDAwMDAwMDAwMH19",
          "dependencies": [
            "module.pipelinebase.aws_iam_role.lambda_role",
            "module.pipelinebase.aws_s3_bucket.bucket_artifact",
            "module.pipelinebase.data.archive_file.zipit",
            "module.pipelinebase.random_string.r",
            "module.pipelinebase.random_string.secret"
          ]
        }
      ]
    },
    {
      "module": "module.pipelinebase",
      "mode": "managed",
      "type": "aws_lambda_function_url",
      "name": "test_latest",
      "provider": "provider[\"registry.terraform.io/hashicorp/aws\"]",
      "instances": [
        {
          "schema_version": 0,
          "attributes": {
            "authorization_type": "NONE",
            "cors": [],
            "function_arn": "arn:aws:lambda:us-east-1:115228050885:function:geotechnologies-ugc-app-dev-webhook-endpoint",
            "function_name": "geotechnologies-ugc-app-dev-webhook-endpoint",
            "function_url": "https://qpvcu2xurbjnnfgabdjxq3txvm0cubxj.lambda-url.us-east-1.on.aws/",
            "id": "geotechnologies-ugc-app-dev-webhook-endpoint",
            "invoke_mode": "BUFFERED",
            "qualifier": "",
            "timeouts": null,
            "url_id": "qpvcu2xurbjnnfgabdjxq3txvm0cubxj"
          },
          "sensitive_attributes": [],
          "private": "eyJlMmJmYjczMC1lY2FhLTExZTYtOGY4OC0zNDM2M2JjN2M0YzAiOnsiY3JlYXRlIjo2MDAwMDAwMDAwMDB9fQ==",
          "dependencies": [
            "module.pipelinebase.aws_iam_role.lambda_role",
            "module.pipelinebase.aws_lambda_function.lambda",
            "module.pipelinebase.aws_s3_bucket.bucket_artifact",
            "module.pipelinebase.data.archive_file.zipit",
            "module.pipelinebase.random_string.r",
            "module.pipelinebase.random_string.secret"
          ]
        }
      ]
    },
    {
      "module": "module.pipelinebase",
      "mode": "managed",
      "type": "aws_s3_bucket",
      "name": "bucket_artifact",
      "provider": "provider[\"registry.terraform.io/hashicorp/aws\"]",
      "instances": [
        {
          "schema_version": 0,
          "attributes": {
            "acceleration_status": "",
            "acl": null,
            "arn": "arn:aws:s3:::dev-geotechnologies-ugc-app-codepipeline-bucket",
            "bucket": "dev-geotechnologies-ugc-app-codepipeline-bucket",
            "bucket_domain_name": "dev-geotechnologies-ugc-app-codepipeline-bucket.s3.amazonaws.com",
            "bucket_prefix": "",
            "bucket_regional_domain_name": "dev-geotechnologies-ugc-app-codepipeline-bucket.s3.us-east-1.amazonaws.com",
            "cors_rule": [],
            "force_destroy": false,
            "grant": [
              {
                "id": "d476d7116ea2ec7483c4d5d714e995bf2dc82b44b4939015f06a47d0111083c7",
                "permissions": [
                  "FULL_CONTROL"
                ],
                "type": "CanonicalUser",
                "uri": ""
              }
            ],
            "hosted_zone_id": "Z3AQBSTGFYJSTF",
            "id": "dev-geotechnologies-ugc-app-codepipeline-bucket",
            "lifecycle_rule": [],
            "logging": [],
            "object_lock_configuration": [],
            "object_lock_enabled": false,
            "policy": "",
            "region": "us-east-1",
            "replication_configuration": [],
            "request_payer": "BucketOwner",
            "server_side_encryption_configuration": [
              {
                "rule": [
                  {
                    "apply_server_side_encryption_by_default": [
                      {
                        "kms_master_key_id": "",
                        "sse_algorithm": "AES256"
                      }
                    ],
                    "bucket_key_enabled": false
                  }
                ]
              }
            ],
            "tags": {},
            "tags_all": {},
            "timeouts": null,
            "versioning": [
              {
                "enabled": false,
                "mfa_delete": false
              }
            ],
            "website": [],
            "website_domain": null,
            "website_endpoint": null
          },
          "sensitive_attributes": [],
          "private": "eyJlMmJmYjczMC1lY2FhLTExZTYtOGY4OC0zNDM2M2JjN2M0YzAiOnsiY3JlYXRlIjoxMjAwMDAwMDAwMDAwLCJkZWxldGUiOjM2MDAwMDAwMDAwMDAsInJlYWQiOjEyMDAwMDAwMDAwMDAsInVwZGF0ZSI6MTIwMDAwMDAwMDAwMH19"
        }
      ]
    },
    {
      "module": "module.pipelinebase",
      "mode": "managed",
      "type": "aws_s3_bucket_notification",
      "name": "bucket_notify",
      "provider": "provider[\"registry.terraform.io/hashicorp/aws\"]",
      "instances": [
        {
          "schema_version": 0,
          "attributes": {
            "bucket": "dev-geotechnologies-ugc-app-codepipeline-bucket",
            "eventbridge": true,
            "id": "dev-geotechnologies-ugc-app-codepipeline-bucket",
            "lambda_function": [],
            "queue": [],
            "topic": []
          },
          "sensitive_attributes": [],
          "private": "bnVsbA==",
          "dependencies": [
            "module.pipelinebase.aws_s3_bucket.bucket_artifact"
          ]
        }
      ]
    },
    {
      "module": "module.pipelinebase",
      "mode": "managed",
      "type": "aws_s3_bucket_versioning",
      "name": "bucket_artifact",
      "provider": "provider[\"registry.terraform.io/hashicorp/aws\"]",
      "instances": [
        {
          "schema_version": 0,
          "attributes": {
            "bucket": "dev-geotechnologies-ugc-app-codepipeline-bucket",
            "expected_bucket_owner": "",
            "id": "dev-geotechnologies-ugc-app-codepipeline-bucket",
            "mfa": null,
            "versioning_configuration": [
              {
                "mfa_delete": "",
                "status": "Enabled"
              }
            ]
          },
          "sensitive_attributes": [],
          "private": "bnVsbA==",
          "dependencies": [
            "module.pipelinebase.aws_s3_bucket.bucket_artifact"
          ]
        }
      ]
    },
    {
      "module": "module.pipelinebase",
      "mode": "managed",
      "type": "random_string",
      "name": "r",
      "provider": "provider[\"registry.terraform.io/hashicorp/random\"]",
      "instances": [
        {
          "schema_version": 2,
          "attributes": {
            "id": "so11S",
            "keepers": null,
            "length": 5,
            "lower": true,
            "min_lower": 0,
            "min_numeric": 0,
            "min_special": 0,
            "min_upper": 0,
            "number": true,
            "numeric": true,
            "override_special": null,
            "result": "so11S",
            "special": false,
            "upper": true
          },
          "sensitive_attributes": []
        }
      ]
    },
    {
      "module": "module.pipelinebase",
      "mode": "managed",
      "type": "random_string",
      "name": "secret",
      "provider": "provider[\"registry.terraform.io/hashicorp/random\"]",
      "instances": [
        {
          "schema_version": 2,
          "attributes": {
            "id": "joICHOKghftXQjwj",
            "keepers": null,
            "length": 16,
            "lower": true,
            "min_lower": 0,
            "min_numeric": 0,
            "min_special": 0,
            "min_upper": 0,
            "number": true,
            "numeric": true,
            "override_special": null,
            "result": "joICHOKghftXQjwj",
            "special": false,
            "upper": true
          },
          "sensitive_attributes": []
        }
      ]
    },
    {
      "module": "module.vpc",
      "mode": "managed",
      "type": "aws_eip",
      "name": "nat",
      "provider": "provider[\"registry.terraform.io/hashicorp/aws\"]",
      "instances": [
        {
          "schema_version": 0,
          "attributes": {
            "address": null,
            "allocation_id": "eipalloc-05ae35f5ffd033805",
            "associate_with_private_ip": null,
            "association_id": "",
            "carrier_ip": "",
            "customer_owned_ip": "",
            "customer_owned_ipv4_pool": "",
            "domain": "vpc",
            "id": "eipalloc-05ae35f5ffd033805",
            "instance": "",
            "network_border_group": "us-east-1",
            "network_interface": "",
            "private_dns": null,
            "private_ip": "",
            "public_dns": "ec2-54-208-242-52.compute-1.amazonaws.com",
            "public_ip": "54.208.242.52",
            "public_ipv4_pool": "amazon",
            "tags": {
              "Name": "dev-geotechnologies-ugc-app",
              "VPC": "vpc-0219ad0936f6c2e94"
            },
            "tags_all": {
              "Name": "dev-geotechnologies-ugc-app",
              "VPC": "vpc-0219ad0936f6c2e94"
            },
            "timeouts": null,
            "vpc": true
          },
          "sensitive_attributes": [],
          "private": "eyJlMmJmYjczMC1lY2FhLTExZTYtOGY4OC0zNDM2M2JjN2M0YzAiOnsiZGVsZXRlIjoxODAwMDAwMDAwMDAsInJlYWQiOjkwMDAwMDAwMDAwMCwidXBkYXRlIjozMDAwMDAwMDAwMDB9fQ==",
          "dependencies": [
            "module.vpc.aws_vpc.vpc"
          ]
        }
      ]
    },
    {
      "module": "module.vpc",
      "mode": "managed",
      "type": "aws_internet_gateway",
      "name": "igw",
      "provider": "provider[\"registry.terraform.io/hashicorp/aws\"]",
      "instances": [
        {
          "schema_version": 0,
          "attributes": {
            "arn": "arn:aws:ec2:us-east-1:115228050885:internet-gateway/igw-0fe63fcac330249ee",
            "id": "igw-0fe63fcac330249ee",
            "owner_id": "115228050885",
            "tags": {
              "Name": "dev-geotechnologies-ugc-app"
            },
            "tags_all": {
              "Name": "dev-geotechnologies-ugc-app"
            },
            "timeouts": null,
            "vpc_id": "vpc-0219ad0936f6c2e94"
          },
          "sensitive_attributes": [],
          "private": "eyJlMmJmYjczMC1lY2FhLTExZTYtOGY4OC0zNDM2M2JjN2M0YzAiOnsiY3JlYXRlIjoxMjAwMDAwMDAwMDAwLCJkZWxldGUiOjEyMDAwMDAwMDAwMDAsInVwZGF0ZSI6MTIwMDAwMDAwMDAwMH19",
          "dependencies": [
            "module.vpc.aws_vpc.vpc"
          ]
        }
      ]
    },
    {
      "module": "module.vpc",
      "mode": "managed",
      "type": "aws_nat_gateway",
      "name": "ngw",
      "provider": "provider[\"registry.terraform.io/hashicorp/aws\"]",
      "instances": [
        {
          "schema_version": 0,
          "attributes": {
            "allocation_id": "eipalloc-05ae35f5ffd033805",
            "association_id": "eipassoc-031704ac7516a5c60",
            "connectivity_type": "public",
            "id": "nat-02cd3df8ef7c13043",
            "network_interface_id": "eni-044973895202383c2",
            "private_ip": "172.16.25.245",
            "public_ip": "54.208.242.52",
            "secondary_allocation_ids": null,
            "secondary_private_ip_address_count": 0,
            "secondary_private_ip_addresses": [],
            "subnet_id": "subnet-0a92983c17a4207de",
            "tags": {
              "Name": "dev-geotechnologies-ugc-app"
            },
            "tags_all": {
              "Name": "dev-geotechnologies-ugc-app"
            },
            "timeouts": null
          },
          "sensitive_attributes": [],
          "private": "eyJlMmJmYjczMC1lY2FhLTExZTYtOGY4OC0zNDM2M2JjN2M0YzAiOnsiY3JlYXRlIjo2MDAwMDAwMDAwMDAsImRlbGV0ZSI6MTgwMDAwMDAwMDAwMCwidXBkYXRlIjo2MDAwMDAwMDAwMDB9fQ==",
          "dependencies": [
            "module.vpc.aws_eip.nat",
            "module.vpc.aws_subnet.public",
            "module.vpc.aws_vpc.vpc"
          ]
        }
      ]
    },
    {
      "module": "module.vpc",
      "mode": "managed",
      "type": "aws_route",
      "name": "private",
      "provider": "provider[\"registry.terraform.io/hashicorp/aws\"]",
      "instances": [
        {
          "schema_version": 0,
          "attributes": {
            "carrier_gateway_id": "",
            "core_network_arn": "",
            "destination_cidr_block": "0.0.0.0/0",
            "destination_ipv6_cidr_block": "",
            "destination_prefix_list_id": "",
            "egress_only_gateway_id": "",
            "gateway_id": "",
            "id": "r-rtb-0b3251f9abd2e344c1080289494",
            "instance_id": "",
            "instance_owner_id": "",
            "local_gateway_id": "",
            "nat_gateway_id": "nat-02cd3df8ef7c13043",
            "network_interface_id": "",
            "origin": "CreateRoute",
            "route_table_id": "rtb-0b3251f9abd2e344c",
            "state": "active",
            "timeouts": null,
            "transit_gateway_id": "",
            "vpc_endpoint_id": "",
            "vpc_peering_connection_id": ""
          },
          "sensitive_attributes": [],
          "private": "eyJlMmJmYjczMC1lY2FhLTExZTYtOGY4OC0zNDM2M2JjN2M0YzAiOnsiY3JlYXRlIjozMDAwMDAwMDAwMDAsImRlbGV0ZSI6MzAwMDAwMDAwMDAwLCJ1cGRhdGUiOjEyMDAwMDAwMDAwMH19",
          "dependencies": [
            "module.vpc.aws_eip.nat",
            "module.vpc.aws_nat_gateway.ngw",
            "module.vpc.aws_route_table.private",
            "module.vpc.aws_subnet.public",
            "module.vpc.aws_vpc.vpc"
          ]
        }
      ]
    },
    {
      "module": "module.vpc",
      "mode": "managed",
      "type": "aws_route",
      "name": "public",
      "provider": "provider[\"registry.terraform.io/hashicorp/aws\"]",
      "instances": [
        {
          "schema_version": 0,
          "attributes": {
            "carrier_gateway_id": "",
            "core_network_arn": "",
            "destination_cidr_block": "0.0.0.0/0",
            "destination_ipv6_cidr_block": "",
            "destination_prefix_list_id": "",
            "egress_only_gateway_id": "",
            "gateway_id": "igw-0fe63fcac330249ee",
            "id": "r-rtb-00cea8741804e42a01080289494",
            "instance_id": "",
            "instance_owner_id": "",
            "local_gateway_id": "",
            "nat_gateway_id": "",
            "network_interface_id": "",
            "origin": "CreateRoute",
            "route_table_id": "rtb-00cea8741804e42a0",
            "state": "active",
            "timeouts": null,
            "transit_gateway_id": "",
            "vpc_endpoint_id": "",
            "vpc_peering_connection_id": ""
          },
          "sensitive_attributes": [],
          "private": "eyJlMmJmYjczMC1lY2FhLTExZTYtOGY4OC0zNDM2M2JjN2M0YzAiOnsiY3JlYXRlIjozMDAwMDAwMDAwMDAsImRlbGV0ZSI6MzAwMDAwMDAwMDAwLCJ1cGRhdGUiOjEyMDAwMDAwMDAwMH19",
          "dependencies": [
            "module.vpc.aws_internet_gateway.igw",
            "module.vpc.aws_route_table.public",
            "module.vpc.aws_vpc.vpc"
          ]
        }
      ]
    },
    {
      "module": "module.vpc",
      "mode": "managed",
      "type": "aws_route_table",
      "name": "private",
      "provider": "provider[\"registry.terraform.io/hashicorp/aws\"]",
      "instances": [
        {
          "schema_version": 0,
          "attributes": {
            "arn": "arn:aws:ec2:us-east-1:115228050885:route-table/rtb-0b3251f9abd2e344c",
            "id": "rtb-0b3251f9abd2e344c",
            "owner_id": "115228050885",
            "propagating_vgws": [],
            "route": [],
            "tags": {
              "Name": "dev-geotechnologies-ugc-app"
            },
            "tags_all": {
              "Name": "dev-geotechnologies-ugc-app"
            },
            "timeouts": null,
            "vpc_id": "vpc-0219ad0936f6c2e94"
          },
          "sensitive_attributes": [],
          "private": "eyJlMmJmYjczMC1lY2FhLTExZTYtOGY4OC0zNDM2M2JjN2M0YzAiOnsiY3JlYXRlIjozMDAwMDAwMDAwMDAsImRlbGV0ZSI6MzAwMDAwMDAwMDAwLCJ1cGRhdGUiOjEyMDAwMDAwMDAwMH19",
          "dependencies": [
            "module.vpc.aws_vpc.vpc"
          ]
        }
      ]
    },
    {
      "module": "module.vpc",
      "mode": "managed",
      "type": "aws_route_table",
      "name": "public",
      "provider": "provider[\"registry.terraform.io/hashicorp/aws\"]",
      "instances": [
        {
          "schema_version": 0,
          "attributes": {
            "arn": "arn:aws:ec2:us-east-1:115228050885:route-table/rtb-00cea8741804e42a0",
            "id": "rtb-00cea8741804e42a0",
            "owner_id": "115228050885",
            "propagating_vgws": [],
            "route": [],
            "tags": {
              "Name": "dev-geotechnologies-ugc-app"
            },
            "tags_all": {
              "Name": "dev-geotechnologies-ugc-app"
            },
            "timeouts": null,
            "vpc_id": "vpc-0219ad0936f6c2e94"
          },
          "sensitive_attributes": [],
          "private": "eyJlMmJmYjczMC1lY2FhLTExZTYtOGY4OC0zNDM2M2JjN2M0YzAiOnsiY3JlYXRlIjozMDAwMDAwMDAwMDAsImRlbGV0ZSI6MzAwMDAwMDAwMDAwLCJ1cGRhdGUiOjEyMDAwMDAwMDAwMH19",
          "dependencies": [
            "module.vpc.aws_vpc.vpc"
          ]
        }
      ]
    },
    {
      "module": "module.vpc",
      "mode": "managed",
      "type": "aws_route_table_association",
      "name": "private",
      "provider": "provider[\"registry.terraform.io/hashicorp/aws\"]",
      "instances": [
        {
          "index_key": "us-east-1a",
          "schema_version": 0,
          "attributes": {
            "gateway_id": "",
            "id": "rtbassoc-04642bfcb7a506b94",
            "route_table_id": "rtb-0b3251f9abd2e344c",
            "subnet_id": "subnet-02dc5ff1821e0b1d3",
            "timeouts": null
          },
          "sensitive_attributes": [],
          "private": "eyJlMmJmYjczMC1lY2FhLTExZTYtOGY4OC0zNDM2M2JjN2M0YzAiOnsiY3JlYXRlIjozMDAwMDAwMDAwMDAsImRlbGV0ZSI6MzAwMDAwMDAwMDAwLCJ1cGRhdGUiOjEyMDAwMDAwMDAwMH19",
          "dependencies": [
            "module.vpc.aws_route_table.private",
            "module.vpc.aws_subnet.private",
            "module.vpc.aws_vpc.vpc"
          ]
        },
        {
          "index_key": "us-east-1c",
          "schema_version": 0,
          "attributes": {
            "gateway_id": "",
            "id": "rtbassoc-0e1b75e0161e955f5",
            "route_table_id": "rtb-0b3251f9abd2e344c",
            "subnet_id": "subnet-0afa8d111b40a9c55",
            "timeouts": null
          },
          "sensitive_attributes": [],
          "private": "eyJlMmJmYjczMC1lY2FhLTExZTYtOGY4OC0zNDM2M2JjN2M0YzAiOnsiY3JlYXRlIjozMDAwMDAwMDAwMDAsImRlbGV0ZSI6MzAwMDAwMDAwMDAwLCJ1cGRhdGUiOjEyMDAwMDAwMDAwMH19",
          "dependencies": [
            "module.vpc.aws_route_table.private",
            "module.vpc.aws_subnet.private",
            "module.vpc.aws_vpc.vpc"
          ]
        }
      ]
    },
    {
      "module": "module.vpc",
      "mode": "managed",
      "type": "aws_route_table_association",
      "name": "public",
      "provider": "provider[\"registry.terraform.io/hashicorp/aws\"]",
      "instances": [
        {
          "index_key": "us-east-1a",
          "schema_version": 0,
          "attributes": {
            "gateway_id": "",
            "id": "rtbassoc-03d80d774a6c5a455",
            "route_table_id": "rtb-00cea8741804e42a0",
            "subnet_id": "subnet-0a92983c17a4207de",
            "timeouts": null
          },
          "sensitive_attributes": [],
          "private": "eyJlMmJmYjczMC1lY2FhLTExZTYtOGY4OC0zNDM2M2JjN2M0YzAiOnsiY3JlYXRlIjozMDAwMDAwMDAwMDAsImRlbGV0ZSI6MzAwMDAwMDAwMDAwLCJ1cGRhdGUiOjEyMDAwMDAwMDAwMH19",
          "dependencies": [
            "module.vpc.aws_route_table.public",
            "module.vpc.aws_subnet.public",
            "module.vpc.aws_vpc.vpc"
          ]
        },
        {
          "index_key": "us-east-1c",
          "schema_version": 0,
          "attributes": {
            "gateway_id": "",
            "id": "rtbassoc-0652fbef15e05208d",
            "route_table_id": "rtb-00cea8741804e42a0",
            "subnet_id": "subnet-08d03d40d77c6847b",
            "timeouts": null
          },
          "sensitive_attributes": [],
          "private": "eyJlMmJmYjczMC1lY2FhLTExZTYtOGY4OC0zNDM2M2JjN2M0YzAiOnsiY3JlYXRlIjozMDAwMDAwMDAwMDAsImRlbGV0ZSI6MzAwMDAwMDAwMDAwLCJ1cGRhdGUiOjEyMDAwMDAwMDAwMH19",
          "dependencies": [
            "module.vpc.aws_route_table.public",
            "module.vpc.aws_subnet.public",
            "module.vpc.aws_vpc.vpc"
          ]
        }
      ]
    },
    {
      "module": "module.vpc",
      "mode": "managed",
      "type": "aws_subnet",
      "name": "private",
      "provider": "provider[\"registry.terraform.io/hashicorp/aws\"]",
      "instances": [
        {
          "index_key": "us-east-1a",
          "schema_version": 1,
          "attributes": {
            "arn": "arn:aws:ec2:us-east-1:115228050885:subnet/subnet-02dc5ff1821e0b1d3",
            "assign_ipv6_address_on_creation": false,
            "availability_zone": "us-east-1a",
            "availability_zone_id": "use1-az6",
            "cidr_block": "172.16.64.0/20",
            "customer_owned_ipv4_pool": "",
            "enable_dns64": false,
            "enable_lni_at_device_index": 0,
            "enable_resource_name_dns_a_record_on_launch": false,
            "enable_resource_name_dns_aaaa_record_on_launch": false,
            "id": "subnet-02dc5ff1821e0b1d3",
            "ipv6_cidr_block": "",
            "ipv6_cidr_block_association_id": "",
            "ipv6_native": false,
            "map_customer_owned_ip_on_launch": false,
            "map_public_ip_on_launch": false,
            "outpost_arn": "",
            "owner_id": "115228050885",
            "private_dns_hostname_type_on_launch": "ip-name",
            "tags": {
              "Name": "dev-geotechnologies-ugc-app-private-subnet",
              "Role": "private",
              "Subnet": "us-east-1a-4"
            },
            "tags_all": {
              "Name": "dev-geotechnologies-ugc-app-private-subnet",
              "Role": "private",
              "Subnet": "us-east-1a-4"
            },
            "timeouts": null,
            "vpc_id": "vpc-0219ad0936f6c2e94"
          },
          "sensitive_attributes": [],
          "private": "eyJlMmJmYjczMC1lY2FhLTExZTYtOGY4OC0zNDM2M2JjN2M0YzAiOnsiY3JlYXRlIjo2MDAwMDAwMDAwMDAsImRlbGV0ZSI6MTIwMDAwMDAwMDAwMH0sInNjaGVtYV92ZXJzaW9uIjoiMSJ9",
          "dependencies": [
            "module.vpc.aws_vpc.vpc"
          ]
        },
        {
          "index_key": "us-east-1c",
          "schema_version": 1,
          "attributes": {
            "arn": "arn:aws:ec2:us-east-1:115228050885:subnet/subnet-0afa8d111b40a9c55",
            "assign_ipv6_address_on_creation": false,
            "availability_zone": "us-east-1c",
            "availability_zone_id": "use1-az2",
            "cidr_block": "172.16.80.0/20",
            "customer_owned_ipv4_pool": "",
            "enable_dns64": false,
            "enable_lni_at_device_index": 0,
            "enable_resource_name_dns_a_record_on_launch": false,
            "enable_resource_name_dns_aaaa_record_on_launch": false,
            "id": "subnet-0afa8d111b40a9c55",
            "ipv6_cidr_block": "",
            "ipv6_cidr_block_association_id": "",
            "ipv6_native": false,
            "map_customer_owned_ip_on_launch": false,
            "map_public_ip_on_launch": false,
            "outpost_arn": "",
            "owner_id": "115228050885",
            "private_dns_hostname_type_on_launch": "ip-name",
            "tags": {
              "Name": "dev-geotechnologies-ugc-app-private-subnet",
              "Role": "private",
              "Subnet": "us-east-1c-5"
            },
            "tags_all": {
              "Name": "dev-geotechnologies-ugc-app-private-subnet",
              "Role": "private",
              "Subnet": "us-east-1c-5"
            },
            "timeouts": null,
            "vpc_id": "vpc-0219ad0936f6c2e94"
          },
          "sensitive_attributes": [],
          "private": "eyJlMmJmYjczMC1lY2FhLTExZTYtOGY4OC0zNDM2M2JjN2M0YzAiOnsiY3JlYXRlIjo2MDAwMDAwMDAwMDAsImRlbGV0ZSI6MTIwMDAwMDAwMDAwMH0sInNjaGVtYV92ZXJzaW9uIjoiMSJ9",
          "dependencies": [
            "module.vpc.aws_vpc.vpc"
          ]
        }
      ]
    },
    {
      "module": "module.vpc",
      "mode": "managed",
      "type": "aws_subnet",
      "name": "public",
      "provider": "provider[\"registry.terraform.io/hashicorp/aws\"]",
      "instances": [
        {
          "index_key": "us-east-1a",
          "schema_version": 1,
          "attributes": {
            "arn": "arn:aws:ec2:us-east-1:115228050885:subnet/subnet-0a92983c17a4207de",
            "assign_ipv6_address_on_creation": false,
            "availability_zone": "us-east-1a",
            "availability_zone_id": "use1-az6",
            "cidr_block": "172.16.16.0/20",
            "customer_owned_ipv4_pool": "",
            "enable_dns64": false,
            "enable_lni_at_device_index": 0,
            "enable_resource_name_dns_a_record_on_launch": false,
            "enable_resource_name_dns_aaaa_record_on_launch": false,
            "id": "subnet-0a92983c17a4207de",
            "ipv6_cidr_block": "",
            "ipv6_cidr_block_association_id": "",
            "ipv6_native": false,
            "map_customer_owned_ip_on_launch": false,
            "map_public_ip_on_launch": true,
            "outpost_arn": "",
            "owner_id": "115228050885",
            "private_dns_hostname_type_on_launch": "ip-name",
            "tags": {
              "Name": "dev-geotechnologies-ugc-app-public-subnet",
              "Role": "public",
              "Subnet": "us-east-1a-1"
            },
            "tags_all": {
              "Name": "dev-geotechnologies-ugc-app-public-subnet",
              "Role": "public",
              "Subnet": "us-east-1a-1"
            },
            "timeouts": null,
            "vpc_id": "vpc-0219ad0936f6c2e94"
          },
          "sensitive_attributes": [],
          "private": "eyJlMmJmYjczMC1lY2FhLTExZTYtOGY4OC0zNDM2M2JjN2M0YzAiOnsiY3JlYXRlIjo2MDAwMDAwMDAwMDAsImRlbGV0ZSI6MTIwMDAwMDAwMDAwMH0sInNjaGVtYV92ZXJzaW9uIjoiMSJ9",
          "dependencies": [
            "module.vpc.aws_vpc.vpc"
          ]
        },
        {
          "index_key": "us-east-1c",
          "schema_version": 1,
          "attributes": {
            "arn": "arn:aws:ec2:us-east-1:115228050885:subnet/subnet-08d03d40d77c6847b",
            "assign_ipv6_address_on_creation": false,
            "availability_zone": "us-east-1c",
            "availability_zone_id": "use1-az2",
            "cidr_block": "172.16.32.0/20",
            "customer_owned_ipv4_pool": "",
            "enable_dns64": false,
            "enable_lni_at_device_index": 0,
            "enable_resource_name_dns_a_record_on_launch": false,
            "enable_resource_name_dns_aaaa_record_on_launch": false,
            "id": "subnet-08d03d40d77c6847b",
            "ipv6_cidr_block": "",
            "ipv6_cidr_block_association_id": "",
            "ipv6_native": false,
            "map_customer_owned_ip_on_launch": false,
            "map_public_ip_on_launch": true,
            "outpost_arn": "",
            "owner_id": "115228050885",
            "private_dns_hostname_type_on_launch": "ip-name",
            "tags": {
              "Name": "dev-geotechnologies-ugc-app-public-subnet",
              "Role": "public",
              "Subnet": "us-east-1c-2"
            },
            "tags_all": {
              "Name": "dev-geotechnologies-ugc-app-public-subnet",
              "Role": "public",
              "Subnet": "us-east-1c-2"
            },
            "timeouts": null,
            "vpc_id": "vpc-0219ad0936f6c2e94"
          },
          "sensitive_attributes": [],
          "private": "eyJlMmJmYjczMC1lY2FhLTExZTYtOGY4OC0zNDM2M2JjN2M0YzAiOnsiY3JlYXRlIjo2MDAwMDAwMDAwMDAsImRlbGV0ZSI6MTIwMDAwMDAwMDAwMH0sInNjaGVtYV92ZXJzaW9uIjoiMSJ9",
          "dependencies": [
            "module.vpc.aws_vpc.vpc"
          ]
        }
      ]
    },
    {
      "module": "module.vpc",
      "mode": "managed",
      "type": "aws_vpc",
      "name": "vpc",
      "provider": "provider[\"registry.terraform.io/hashicorp/aws\"]",
      "instances": [
        {
          "schema_version": 1,
          "attributes": {
            "arn": "arn:aws:ec2:us-east-1:115228050885:vpc/vpc-0219ad0936f6c2e94",
            "assign_generated_ipv6_cidr_block": false,
            "cidr_block": "172.16.0.0/16",
            "default_network_acl_id": "acl-06abe5588de5898d3",
            "default_route_table_id": "rtb-063272538d3e6ee9b",
            "default_security_group_id": "sg-0e51d62bb803ab5a9",
            "dhcp_options_id": "dopt-0a0f3d883cf3d82d6",
            "enable_dns_hostnames": false,
            "enable_dns_support": true,
            "enable_network_address_usage_metrics": false,
            "id": "vpc-0219ad0936f6c2e94",
            "instance_tenancy": "default",
            "ipv4_ipam_pool_id": null,
            "ipv4_netmask_length": null,
            "ipv6_association_id": "",
            "ipv6_cidr_block": "",
            "ipv6_cidr_block_network_border_group": "",
            "ipv6_ipam_pool_id": "",
            "ipv6_netmask_length": 0,
            "main_route_table_id": "rtb-063272538d3e6ee9b",
            "owner_id": "115228050885",
            "tags": {
              "Name": "dev-geotechnologies-ugc-app"
            },
            "tags_all": {
              "Name": "dev-geotechnologies-ugc-app"
            }
          },
          "sensitive_attributes": [],
          "private": "eyJzY2hlbWFfdmVyc2lvbiI6IjEifQ=="
        }
      ]
    }
  ],
  "check_results": null
}
