{
  "version": 4,
  "terraform_version": "1.6.6",
  "serial": 4,
  "lineage": "da2c9163-66c1-c1ad-79d0-e57ff1e41125",
  "outputs": {},
  "resources": [
    {
      "module": "module.ecr",
      "mode": "managed",
      "type": "aws_ecr_repository",
      "name": "ecr",
      "provider": "provider[\"registry.terraform.io/hashicorp/aws\"]",
      "instances": [
        {
          "schema_version": 0,
          "attributes": {
            "arn": "arn:aws:ecr:us-east-1:115228050885:repository/dev-geotechnologies-ugc-app-ecrtest",
            "encryption_configuration": [
              {
                "encryption_type": "AES256",
                "kms_key": ""
              }
            ],
            "force_delete": null,
            "id": "dev-geotechnologies-ugc-app-ecrtest",
            "image_scanning_configuration": [
              {
                "scan_on_push": true
              }
            ],
            "image_tag_mutability": "MUTABLE",
            "name": "dev-geotechnologies-ugc-app-ecrtest",
            "registry_id": "115228050885",
            "repository_url": "115228050885.dkr.ecr.us-east-1.amazonaws.com/dev-geotechnologies-ugc-app-ecrtest",
            "tags": null,
            "tags_all": {},
            "timeouts": null
          },
          "sensitive_attributes": [],
          "private": "eyJlMmJmYjczMC1lY2FhLTExZTYtOGY4OC0zNDM2M2JjN2M0YzAiOnsiZGVsZXRlIjoxMjAwMDAwMDAwMDAwfX0="
        }
      ]
    }
  ],
  "check_results": null
}
